// !$*UTF8*$!
{
	archiveVersion = 1;
	classes = {
	};
	objectVersion = 46;
	objects = {

/* Begin PBXBuildFile section */
		141093A61933219C00E43BFC /* Security.framework in Frameworks */ = {isa = PBXBuildFile; fileRef = 141093A51933219C00E43BFC /* Security.framework */; };
		141093AE193321A900E43BFC /* SystemConfiguration.framework in Frameworks */ = {isa = PBXBuildFile; fileRef = 141093AD193321A900E43BFC /* SystemConfiguration.framework */; };
		141093C319334F1F00E43BFC /* libGooglePlusUniversal.a in Frameworks */ = {isa = PBXBuildFile; fileRef = 141093C119334F1F00E43BFC /* libGooglePlusUniversal.a */; };
		141093C419334F1F00E43BFC /* libGooglePlus.a in Frameworks */ = {isa = PBXBuildFile; fileRef = 141093C219334F1F00E43BFC /* libGooglePlus.a */; };
		141094261933503D00E43BFC /* GTLBase64.m in Sources */ = {isa = PBXBuildFile; fileRef = 141093C81933503D00E43BFC /* GTLBase64.m */; };
		141094271933503D00E43BFC /* GTLBatchQuery.m in Sources */ = {isa = PBXBuildFile; fileRef = 141093CA1933503D00E43BFC /* GTLBatchQuery.m */; };
		141094281933503D00E43BFC /* GTLBatchResult.m in Sources */ = {isa = PBXBuildFile; fileRef = 141093CC1933503D00E43BFC /* GTLBatchResult.m */; };
		141094291933503D00E43BFC /* GTLDateTime.m in Sources */ = {isa = PBXBuildFile; fileRef = 141093CE1933503D00E43BFC /* GTLDateTime.m */; };
		1410942A1933503D00E43BFC /* GTLErrorObject.m in Sources */ = {isa = PBXBuildFile; fileRef = 141093D11933503D00E43BFC /* GTLErrorObject.m */; };
		1410942B1933503D00E43BFC /* GTLFramework.m in Sources */ = {isa = PBXBuildFile; fileRef = 141093D31933503D00E43BFC /* GTLFramework.m */; };
		1410942C1933503D00E43BFC /* GTLJSONParser.m in Sources */ = {isa = PBXBuildFile; fileRef = 141093D51933503D00E43BFC /* GTLJSONParser.m */; };
		1410942D1933503D00E43BFC /* GTLObject.m in Sources */ = {isa = PBXBuildFile; fileRef = 141093D71933503D00E43BFC /* GTLObject.m */; };
		1410942E1933503D00E43BFC /* GTLPlusAcl.m in Sources */ = {isa = PBXBuildFile; fileRef = 141093DB1933503D00E43BFC /* GTLPlusAcl.m */; };
		1410942F1933503D00E43BFC /* GTLPlusAclentryResource.m in Sources */ = {isa = PBXBuildFile; fileRef = 141093DD1933503D00E43BFC /* GTLPlusAclentryResource.m */; };
		141094301933503D00E43BFC /* GTLPlusActivity.m in Sources */ = {isa = PBXBuildFile; fileRef = 141093DF1933503D00E43BFC /* GTLPlusActivity.m */; };
		141094311933503D00E43BFC /* GTLPlusActivityFeed.m in Sources */ = {isa = PBXBuildFile; fileRef = 141093E11933503D00E43BFC /* GTLPlusActivityFeed.m */; };
		141094321933503D00E43BFC /* GTLPlusComment.m in Sources */ = {isa = PBXBuildFile; fileRef = 141093E31933503D00E43BFC /* GTLPlusComment.m */; };
		141094331933503D00E43BFC /* GTLPlusCommentFeed.m in Sources */ = {isa = PBXBuildFile; fileRef = 141093E51933503D00E43BFC /* GTLPlusCommentFeed.m */; };
		141094341933503D00E43BFC /* GTLPlusConstants.m in Sources */ = {isa = PBXBuildFile; fileRef = 141093E71933503D00E43BFC /* GTLPlusConstants.m */; };
		141094351933503D00E43BFC /* GTLPlusItemScope.m in Sources */ = {isa = PBXBuildFile; fileRef = 141093E91933503D00E43BFC /* GTLPlusItemScope.m */; };
		141094361933503D00E43BFC /* GTLPlusMoment.m in Sources */ = {isa = PBXBuildFile; fileRef = 141093EB1933503D00E43BFC /* GTLPlusMoment.m */; };
		141094371933503D00E43BFC /* GTLPlusMomentsFeed.m in Sources */ = {isa = PBXBuildFile; fileRef = 141093ED1933503D00E43BFC /* GTLPlusMomentsFeed.m */; };
		141094381933503E00E43BFC /* GTLPlusPeopleFeed.m in Sources */ = {isa = PBXBuildFile; fileRef = 141093EF1933503D00E43BFC /* GTLPlusPeopleFeed.m */; };
		141094391933503E00E43BFC /* GTLPlusPerson.m in Sources */ = {isa = PBXBuildFile; fileRef = 141093F11933503D00E43BFC /* GTLPlusPerson.m */; };
		1410943A1933503E00E43BFC /* GTLQueryPlus.m in Sources */ = {isa = PBXBuildFile; fileRef = 141093F31933503D00E43BFC /* GTLQueryPlus.m */; };
		1410943B1933503E00E43BFC /* GTLServicePlus.m in Sources */ = {isa = PBXBuildFile; fileRef = 141093F51933503D00E43BFC /* GTLServicePlus.m */; };
		1410943C1933503E00E43BFC /* GTLQuery.m in Sources */ = {isa = PBXBuildFile; fileRef = 141093F71933503D00E43BFC /* GTLQuery.m */; };
		1410943D1933503E00E43BFC /* GTLRuntimeCommon.m in Sources */ = {isa = PBXBuildFile; fileRef = 141093F91933503D00E43BFC /* GTLRuntimeCommon.m */; };
		1410943E1933503E00E43BFC /* GTLService.m in Sources */ = {isa = PBXBuildFile; fileRef = 141093FB1933503D00E43BFC /* GTLService.m */; };
		1410943F1933503E00E43BFC /* GTLUploadParameters.m in Sources */ = {isa = PBXBuildFile; fileRef = 141093FE1933503D00E43BFC /* GTLUploadParameters.m */; };
		141094401933503E00E43BFC /* GTLUtilities.m in Sources */ = {isa = PBXBuildFile; fileRef = 141094001933503D00E43BFC /* GTLUtilities.m */; };
		141094411933503E00E43BFC /* GTMHTTPFetcher.m in Sources */ = {isa = PBXBuildFile; fileRef = 141094041933503D00E43BFC /* GTMHTTPFetcher.m */; };
		141094421933503E00E43BFC /* GTMHTTPFetcherLogging.m in Sources */ = {isa = PBXBuildFile; fileRef = 141094061933503D00E43BFC /* GTMHTTPFetcherLogging.m */; };
		141094431933503E00E43BFC /* GTMHTTPFetcherService.m in Sources */ = {isa = PBXBuildFile; fileRef = 141094081933503D00E43BFC /* GTMHTTPFetcherService.m */; };
		141094441933503E00E43BFC /* GTMHTTPFetchHistory.m in Sources */ = {isa = PBXBuildFile; fileRef = 1410940A1933503D00E43BFC /* GTMHTTPFetchHistory.m */; };
		141094451933503E00E43BFC /* GTMLogger.m in Sources */ = {isa = PBXBuildFile; fileRef = 1410940C1933503D00E43BFC /* GTMLogger.m */; };
		141094461933503E00E43BFC /* GTMMethodCheck.m in Sources */ = {isa = PBXBuildFile; fileRef = 1410940E1933503D00E43BFC /* GTMMethodCheck.m */; };
		141094471933503E00E43BFC /* GTMNSDictionary+URLArguments.m in Sources */ = {isa = PBXBuildFile; fileRef = 141094101933503D00E43BFC /* GTMNSDictionary+URLArguments.m */; };
		141094481933503E00E43BFC /* GTMNSString+URLArguments.m in Sources */ = {isa = PBXBuildFile; fileRef = 141094121933503D00E43BFC /* GTMNSString+URLArguments.m */; };
		141094491933503E00E43BFC /* GTMOAuth2Authentication.m in Sources */ = {isa = PBXBuildFile; fileRef = 141094141933503D00E43BFC /* GTMOAuth2Authentication.m */; };
		1410944A1933503E00E43BFC /* GTMOAuth2SignIn.m in Sources */ = {isa = PBXBuildFile; fileRef = 141094161933503D00E43BFC /* GTMOAuth2SignIn.m */; };
		1410944B1933503E00E43BFC /* GTMOAuth2ViewControllerTouch.m in Sources */ = {isa = PBXBuildFile; fileRef = 141094181933503D00E43BFC /* GTMOAuth2ViewControllerTouch.m */; };
		1410944C1933503E00E43BFC /* GTMOAuth2ViewTouch.xib in Resources */ = {isa = PBXBuildFile; fileRef = 141094191933503D00E43BFC /* GTMOAuth2ViewTouch.xib */; };
		1410944D1933503E00E43BFC /* GTMObjC2Runtime.m in Sources */ = {isa = PBXBuildFile; fileRef = 1410941B1933503D00E43BFC /* GTMObjC2Runtime.m */; };
		1410944E1933503E00E43BFC /* OpenInChromeController.m in Sources */ = {isa = PBXBuildFile; fileRef = 1410941D1933503D00E43BFC /* OpenInChromeController.m */; };
		1410944F1933503E00E43BFC /* libGooglePlus.a in Frameworks */ = {isa = PBXBuildFile; fileRef = 141094241933503D00E43BFC /* libGooglePlus.a */; };
		141094501933503E00E43BFC /* libGooglePlusUniversal.a in Frameworks */ = {isa = PBXBuildFile; fileRef = 141094251933503D00E43BFC /* libGooglePlusUniversal.a */; };
		141094541933589100E43BFC /* GooglePlusSignInViewController.m in Sources */ = {isa = PBXBuildFile; fileRef = 141094521933589100E43BFC /* GooglePlusSignInViewController.m */; };
		141094551933589100E43BFC /* GooglePlusSignInViewController.xib in Resources */ = {isa = PBXBuildFile; fileRef = 141094531933589100E43BFC /* GooglePlusSignInViewController.xib */; };
		145D320F1907B8130067B357 /* BetMethodModel.cpp in Sources */ = {isa = PBXBuildFile; fileRef = 145D32051907B8130067B357 /* BetMethodModel.cpp */; };
		145D32101907B8130067B357 /* OpeningLayer.cpp in Sources */ = {isa = PBXBuildFile; fileRef = 145D32071907B8130067B357 /* OpeningLayer.cpp */; };
		145D32121907B8130067B357 /* SelectScene.cpp in Sources */ = {isa = PBXBuildFile; fileRef = 145D320C1907B8130067B357 /* SelectScene.cpp */; };
		145D32261907B8270067B357 /* ccbResources in Resources */ = {isa = PBXBuildFile; fileRef = 145D32191907B8270067B357 /* ccbResources */; };
		145D32271907B8270067B357 /* fileLookup.plist in Resources */ = {isa = PBXBuildFile; fileRef = 145D321A1907B8270067B357 /* fileLookup.plist */; };
		145D32281907B8270067B357 /* Footer.ccbi in Resources */ = {isa = PBXBuildFile; fileRef = 145D321B1907B8270067B357 /* Footer.ccbi */; };
		145D32291907B8270067B357 /* Header.ccbi in Resources */ = {isa = PBXBuildFile; fileRef = 145D321C1907B8270067B357 /* Header.ccbi */; };
		145D322A1907B8270067B357 /* InputBetScene.ccbi in Resources */ = {isa = PBXBuildFile; fileRef = 145D321D1907B8270067B357 /* InputBetScene.ccbi */; };
		145D322B1907B8270067B357 /* InputResultScene.ccbi in Resources */ = {isa = PBXBuildFile; fileRef = 145D321E1907B8270067B357 /* InputResultScene.ccbi */; };
		145D322C1907B8270067B357 /* MainScene.ccbi in Resources */ = {isa = PBXBuildFile; fileRef = 145D321F1907B8270067B357 /* MainScene.ccbi */; };
		145D322D1907B8270067B357 /* MainScene.js in Sources */ = {isa = PBXBuildFile; fileRef = 145D32201907B8270067B357 /* MainScene.js */; };
		145D322E1907B8270067B357 /* Opening.ccbi in Resources */ = {isa = PBXBuildFile; fileRef = 145D32211907B8270067B357 /* Opening.ccbi */; };
		145D322F1907B8270067B357 /* resources-iphone in Resources */ = {isa = PBXBuildFile; fileRef = 145D32221907B8270067B357 /* resources-iphone */; };
		145D32301907B8270067B357 /* resources-iphonehd in Resources */ = {isa = PBXBuildFile; fileRef = 145D32231907B8270067B357 /* resources-iphonehd */; };
		145D32311907B8270067B357 /* SelectScene.ccbi in Resources */ = {isa = PBXBuildFile; fileRef = 145D32241907B8270067B357 /* SelectScene.ccbi */; };
		145D32321907B8270067B357 /* SelectZoneScene.ccbi in Resources */ = {isa = PBXBuildFile; fileRef = 145D32251907B8270067B357 /* SelectZoneScene.ccbi */; };
		148BABC2193468320073A047 /* TestViewController.m in Sources */ = {isa = PBXBuildFile; fileRef = 148BABC0193468320073A047 /* TestViewController.m */; };
		148BABC3193468320073A047 /* TestViewController.xib in Resources */ = {isa = PBXBuildFile; fileRef = 148BABC1193468320073A047 /* TestViewController.xib */; };
		1ACB3244164770DE00914215 /* libcurl.a in Frameworks */ = {isa = PBXBuildFile; fileRef = 1ACB3243164770DE00914215 /* libcurl.a */; };
		1AF4C2F417865DCB00122817 /* libbox2d iOS.a in Frameworks */ = {isa = PBXBuildFile; fileRef = 1AF4C2E317865D9500122817 /* libbox2d iOS.a */; };
		1AF4C2F517865DCB00122817 /* libchipmunk iOS.a in Frameworks */ = {isa = PBXBuildFile; fileRef = 1AF4C2E117865D9500122817 /* libchipmunk iOS.a */; };
		1AF4C2F617865DCB00122817 /* libcocos2dx iOS.a in Frameworks */ = {isa = PBXBuildFile; fileRef = 1AF4C2DD17865D9500122817 /* libcocos2dx iOS.a */; };
		1AF4C2F717865DCB00122817 /* libcocos2dx-extensions iOS.a in Frameworks */ = {isa = PBXBuildFile; fileRef = 1AF4C2DF17865D9500122817 /* libcocos2dx-extensions iOS.a */; };
		1AF4C2F817865DCB00122817 /* libCocosDenshion iOS.a in Frameworks */ = {isa = PBXBuildFile; fileRef = 1AF4C2E517865D9500122817 /* libCocosDenshion iOS.a */; };
		1AFAF8B716D35DE700DB1158 /* AppDelegate.cpp in Sources */ = {isa = PBXBuildFile; fileRef = 1AFAF8B316D35DE700DB1158 /* AppDelegate.cpp */; };
		1AFAF8B816D35DE700DB1158 /* HelloWorldScene.cpp in Sources */ = {isa = PBXBuildFile; fileRef = 1AFAF8B516D35DE700DB1158 /* HelloWorldScene.cpp */; };
		1D60589F0D05DD5A006BFB54 /* Foundation.framework in Frameworks */ = {isa = PBXBuildFile; fileRef = 1D30AB110D05D00D00671497 /* Foundation.framework */; };
		1DF5F4E00D08C38300B7A737 /* UIKit.framework in Frameworks */ = {isa = PBXBuildFile; fileRef = 1DF5F4DF0D08C38300B7A737 /* UIKit.framework */; };
		288765A50DF7441C002DB57D /* CoreGraphics.framework in Frameworks */ = {isa = PBXBuildFile; fileRef = 288765A40DF7441C002DB57D /* CoreGraphics.framework */; };
		503AE0F817EB97AB00D1A890 /* Icon.icns in Resources */ = {isa = PBXBuildFile; fileRef = 503AE0F617EB97AB00D1A890 /* Icon.icns */; };
		503AE10017EB989F00D1A890 /* AppController.mm in Sources */ = {isa = PBXBuildFile; fileRef = 503AE0FB17EB989F00D1A890 /* AppController.mm */; };
		503AE10117EB989F00D1A890 /* main.m in Sources */ = {isa = PBXBuildFile; fileRef = 503AE0FC17EB989F00D1A890 /* main.m */; };
		503AE10217EB989F00D1A890 /* RootViewController.mm in Sources */ = {isa = PBXBuildFile; fileRef = 503AE0FF17EB989F00D1A890 /* RootViewController.mm */; };
		503AE10517EB98FF00D1A890 /* main.cpp in Sources */ = {isa = PBXBuildFile; fileRef = 503AE10317EB98FF00D1A890 /* main.cpp */; };
		503AE11217EB99EE00D1A890 /* libcurl.dylib in Frameworks */ = {isa = PBXBuildFile; fileRef = 503AE11117EB99EE00D1A890 /* libcurl.dylib */; };
		503AE11317EB9C0700D1A890 /* libbox2d Mac.a in Frameworks */ = {isa = PBXBuildFile; fileRef = 1AF4C2D517865D9500122817 /* libbox2d Mac.a */; };
		503AE11417EB9C0700D1A890 /* libchipmunk Mac.a in Frameworks */ = {isa = PBXBuildFile; fileRef = 1AF4C2D317865D9500122817 /* libchipmunk Mac.a */; };
		503AE11517EB9C0700D1A890 /* libcocos2dx Mac.a in Frameworks */ = {isa = PBXBuildFile; fileRef = 1AF4C2CF17865D9500122817 /* libcocos2dx Mac.a */; };
		503AE11617EB9C0700D1A890 /* libcocos2dx-extensions Mac.a in Frameworks */ = {isa = PBXBuildFile; fileRef = 1AF4C2D117865D9500122817 /* libcocos2dx-extensions Mac.a */; };
		503AE11717EB9C0700D1A890 /* libCocosDenshion Mac.a in Frameworks */ = {isa = PBXBuildFile; fileRef = 1AF4C2D717865D9500122817 /* libCocosDenshion Mac.a */; };
		503AE11B17EB9C5A00D1A890 /* IOKit.framework in Frameworks */ = {isa = PBXBuildFile; fileRef = 503AE11A17EB9C5A00D1A890 /* IOKit.framework */; };
		5087E75717EB910900C73F5D /* AppDelegate.cpp in Sources */ = {isa = PBXBuildFile; fileRef = 1AFAF8B316D35DE700DB1158 /* AppDelegate.cpp */; };
		5087E75817EB910900C73F5D /* HelloWorldScene.cpp in Sources */ = {isa = PBXBuildFile; fileRef = 1AFAF8B516D35DE700DB1158 /* HelloWorldScene.cpp */; };
		5087E76317EB910900C73F5D /* Foundation.framework in Frameworks */ = {isa = PBXBuildFile; fileRef = 1D30AB110D05D00D00671497 /* Foundation.framework */; };
		5087E76517EB910900C73F5D /* CoreGraphics.framework in Frameworks */ = {isa = PBXBuildFile; fileRef = 288765A40DF7441C002DB57D /* CoreGraphics.framework */; };
		5087E76717EB910900C73F5D /* libz.dylib in Frameworks */ = {isa = PBXBuildFile; fileRef = BF170DB412928DE900B8313A /* libz.dylib */; };
		5087E76817EB910900C73F5D /* QuartzCore.framework in Frameworks */ = {isa = PBXBuildFile; fileRef = BF1C47EA1293683800B63C5D /* QuartzCore.framework */; };
		5087E76917EB910900C73F5D /* OpenAL.framework in Frameworks */ = {isa = PBXBuildFile; fileRef = D44C620B132DFF330009C878 /* OpenAL.framework */; };
		5087E76A17EB910900C73F5D /* AVFoundation.framework in Frameworks */ = {isa = PBXBuildFile; fileRef = D44C620D132DFF430009C878 /* AVFoundation.framework */; };
		5087E76B17EB910900C73F5D /* AudioToolbox.framework in Frameworks */ = {isa = PBXBuildFile; fileRef = D44C620F132DFF4E0009C878 /* AudioToolbox.framework */; };
		5087E77D17EB970100C73F5D /* Default-568h@2x.png in Resources */ = {isa = PBXBuildFile; fileRef = 5087E77217EB970100C73F5D /* Default-568h@2x.png */; };
		5087E77E17EB970100C73F5D /* Default.png in Resources */ = {isa = PBXBuildFile; fileRef = 5087E77317EB970100C73F5D /* Default.png */; };
		5087E77F17EB970100C73F5D /* Default@2x.png in Resources */ = {isa = PBXBuildFile; fileRef = 5087E77417EB970100C73F5D /* Default@2x.png */; };
		5087E78017EB970100C73F5D /* Icon-114.png in Resources */ = {isa = PBXBuildFile; fileRef = 5087E77517EB970100C73F5D /* Icon-114.png */; };
		5087E78117EB970100C73F5D /* Icon-120.png in Resources */ = {isa = PBXBuildFile; fileRef = 5087E77617EB970100C73F5D /* Icon-120.png */; };
		5087E78217EB970100C73F5D /* Icon-144.png in Resources */ = {isa = PBXBuildFile; fileRef = 5087E77717EB970100C73F5D /* Icon-144.png */; };
		5087E78317EB970100C73F5D /* Icon-152.png in Resources */ = {isa = PBXBuildFile; fileRef = 5087E77817EB970100C73F5D /* Icon-152.png */; };
		5087E78417EB970100C73F5D /* Icon-57.png in Resources */ = {isa = PBXBuildFile; fileRef = 5087E77917EB970100C73F5D /* Icon-57.png */; };
		5087E78517EB970100C73F5D /* Icon-72.png in Resources */ = {isa = PBXBuildFile; fileRef = 5087E77A17EB970100C73F5D /* Icon-72.png */; };
		5087E78617EB970100C73F5D /* Icon-76.png in Resources */ = {isa = PBXBuildFile; fileRef = 5087E77B17EB970100C73F5D /* Icon-76.png */; };
		5087E78917EB974C00C73F5D /* AppKit.framework in Frameworks */ = {isa = PBXBuildFile; fileRef = 5087E78817EB974C00C73F5D /* AppKit.framework */; };
		5087E78B17EB975400C73F5D /* OpenGL.framework in Frameworks */ = {isa = PBXBuildFile; fileRef = 5087E78A17EB975400C73F5D /* OpenGL.framework */; };
		50EF629617ECD46A001EB2F8 /* Icon-40.png in Resources */ = {isa = PBXBuildFile; fileRef = 50EF629217ECD46A001EB2F8 /* Icon-40.png */; };
		50EF629717ECD46A001EB2F8 /* Icon-58.png in Resources */ = {isa = PBXBuildFile; fileRef = 50EF629317ECD46A001EB2F8 /* Icon-58.png */; };
		50EF629817ECD46A001EB2F8 /* Icon-80.png in Resources */ = {isa = PBXBuildFile; fileRef = 50EF629417ECD46A001EB2F8 /* Icon-80.png */; };
		50EF629917ECD46A001EB2F8 /* Icon-100.png in Resources */ = {isa = PBXBuildFile; fileRef = 50EF629517ECD46A001EB2F8 /* Icon-100.png */; };
		50EF62A217ECD613001EB2F8 /* Icon-29.png in Resources */ = {isa = PBXBuildFile; fileRef = 50EF62A017ECD613001EB2F8 /* Icon-29.png */; };
		50EF62A317ECD613001EB2F8 /* Icon-50.png in Resources */ = {isa = PBXBuildFile; fileRef = 50EF62A117ECD613001EB2F8 /* Icon-50.png */; };
		BF171245129291EC00B8313A /* OpenGLES.framework in Frameworks */ = {isa = PBXBuildFile; fileRef = BF170DB012928DE900B8313A /* OpenGLES.framework */; };
		BF1712471292920000B8313A /* libz.dylib in Frameworks */ = {isa = PBXBuildFile; fileRef = BF170DB412928DE900B8313A /* libz.dylib */; };
		BF1C47F01293687400B63C5D /* QuartzCore.framework in Frameworks */ = {isa = PBXBuildFile; fileRef = BF1C47EA1293683800B63C5D /* QuartzCore.framework */; };
		D44C620C132DFF330009C878 /* OpenAL.framework in Frameworks */ = {isa = PBXBuildFile; fileRef = D44C620B132DFF330009C878 /* OpenAL.framework */; };
		D44C620E132DFF430009C878 /* AVFoundation.framework in Frameworks */ = {isa = PBXBuildFile; fileRef = D44C620D132DFF430009C878 /* AVFoundation.framework */; };
		D44C6210132DFF4E0009C878 /* AudioToolbox.framework in Frameworks */ = {isa = PBXBuildFile; fileRef = D44C620F132DFF4E0009C878 /* AudioToolbox.framework */; };
/* End PBXBuildFile section */

/* Begin PBXContainerItemProxy section */
		1AF4C2CE17865D9500122817 /* PBXContainerItemProxy */ = {
			isa = PBXContainerItemProxy;
			containerPortal = 1AF4C2BB17865D9500122817 /* cocos2d_libs.xcodeproj */;
			proxyType = 2;
			remoteGlobalIDString = 1551A33F158F2AB200E66CFE;
			remoteInfo = "cocos2dx Mac";
		};
		1AF4C2D017865D9500122817 /* PBXContainerItemProxy */ = {
			isa = PBXContainerItemProxy;
			containerPortal = 1AF4C2BB17865D9500122817 /* cocos2d_libs.xcodeproj */;
			proxyType = 2;
			remoteGlobalIDString = A03F2FD617814595006731B9;
			remoteInfo = "cocos2dx-extensions Mac";
		};
		1AF4C2D217865D9500122817 /* PBXContainerItemProxy */ = {
			isa = PBXContainerItemProxy;
			containerPortal = 1AF4C2BB17865D9500122817 /* cocos2d_libs.xcodeproj */;
			proxyType = 2;
			remoteGlobalIDString = A03F2CB81780BD04006731B9;
			remoteInfo = "chipmunk Mac";
		};
		1AF4C2D417865D9500122817 /* PBXContainerItemProxy */ = {
			isa = PBXContainerItemProxy;
			containerPortal = 1AF4C2BB17865D9500122817 /* cocos2d_libs.xcodeproj */;
			proxyType = 2;
			remoteGlobalIDString = A03F2D9B1780BDF7006731B9;
			remoteInfo = "box2d Mac";
		};
		1AF4C2D617865D9500122817 /* PBXContainerItemProxy */ = {
			isa = PBXContainerItemProxy;
			containerPortal = 1AF4C2BB17865D9500122817 /* cocos2d_libs.xcodeproj */;
			proxyType = 2;
			remoteGlobalIDString = A03F2ED617814268006731B9;
			remoteInfo = "CocosDenshion Mac";
		};
		1AF4C2D817865D9500122817 /* PBXContainerItemProxy */ = {
			isa = PBXContainerItemProxy;
			containerPortal = 1AF4C2BB17865D9500122817 /* cocos2d_libs.xcodeproj */;
			proxyType = 2;
			remoteGlobalIDString = A03F31FD1781479B006731B9;
			remoteInfo = "jsbindings Mac";
		};
		1AF4C2DA17865D9500122817 /* PBXContainerItemProxy */ = {
			isa = PBXContainerItemProxy;
			containerPortal = 1AF4C2BB17865D9500122817 /* cocos2d_libs.xcodeproj */;
			proxyType = 2;
			remoteGlobalIDString = 1A6FB53017854BC300CDF010;
			remoteInfo = "luabindings Mac";
		};
		1AF4C2DC17865D9500122817 /* PBXContainerItemProxy */ = {
			isa = PBXContainerItemProxy;
			containerPortal = 1AF4C2BB17865D9500122817 /* cocos2d_libs.xcodeproj */;
			proxyType = 2;
			remoteGlobalIDString = A07A4D641783777C0073F6A7;
			remoteInfo = "cocos2dx iOS";
		};
		1AF4C2DE17865D9500122817 /* PBXContainerItemProxy */ = {
			isa = PBXContainerItemProxy;
			containerPortal = 1AF4C2BB17865D9500122817 /* cocos2d_libs.xcodeproj */;
			proxyType = 2;
			remoteGlobalIDString = A07A4EFC1783867C0073F6A7;
			remoteInfo = "cocos2dx-extensions iOS";
		};
		1AF4C2E017865D9500122817 /* PBXContainerItemProxy */ = {
			isa = PBXContainerItemProxy;
			containerPortal = 1AF4C2BB17865D9500122817 /* cocos2d_libs.xcodeproj */;
			proxyType = 2;
			remoteGlobalIDString = A07A4F3B178387670073F6A7;
			remoteInfo = "chipmunk iOS";
		};
		1AF4C2E217865D9500122817 /* PBXContainerItemProxy */ = {
			isa = PBXContainerItemProxy;
			containerPortal = 1AF4C2BB17865D9500122817 /* cocos2d_libs.xcodeproj */;
			proxyType = 2;
			remoteGlobalIDString = A07A4F9E1783876B0073F6A7;
			remoteInfo = "box2d iOS";
		};
		1AF4C2E417865D9500122817 /* PBXContainerItemProxy */ = {
			isa = PBXContainerItemProxy;
			containerPortal = 1AF4C2BB17865D9500122817 /* cocos2d_libs.xcodeproj */;
			proxyType = 2;
			remoteGlobalIDString = A07A4FB4178387730073F6A7;
			remoteInfo = "CocosDenshion iOS";
		};
		1AF4C2E617865D9500122817 /* PBXContainerItemProxy */ = {
			isa = PBXContainerItemProxy;
			containerPortal = 1AF4C2BB17865D9500122817 /* cocos2d_libs.xcodeproj */;
			proxyType = 2;
			remoteGlobalIDString = A07A5030178387750073F6A7;
			remoteInfo = "jsbindings iOS";
		};
		1AF4C2E817865D9500122817 /* PBXContainerItemProxy */ = {
			isa = PBXContainerItemProxy;
			containerPortal = 1AF4C2BB17865D9500122817 /* cocos2d_libs.xcodeproj */;
			proxyType = 2;
			remoteGlobalIDString = 1A119791178526AA00D62A44;
			remoteInfo = "luabindings iOS";
		};
		1AF4C2EA17865DB400122817 /* PBXContainerItemProxy */ = {
			isa = PBXContainerItemProxy;
			containerPortal = 1AF4C2BB17865D9500122817 /* cocos2d_libs.xcodeproj */;
			proxyType = 1;
			remoteGlobalIDString = A07A4C241783777C0073F6A7;
			remoteInfo = "cocos2dx iOS";
		};
		1AF4C2EC17865DB400122817 /* PBXContainerItemProxy */ = {
			isa = PBXContainerItemProxy;
			containerPortal = 1AF4C2BB17865D9500122817 /* cocos2d_libs.xcodeproj */;
			proxyType = 1;
			remoteGlobalIDString = A07A4E111783867C0073F6A7;
			remoteInfo = "cocos2dx-extensions iOS";
		};
		1AF4C2EE17865DB400122817 /* PBXContainerItemProxy */ = {
			isa = PBXContainerItemProxy;
			containerPortal = 1AF4C2BB17865D9500122817 /* cocos2d_libs.xcodeproj */;
			proxyType = 1;
			remoteGlobalIDString = A07A4EFD178387670073F6A7;
			remoteInfo = "chipmunk iOS";
		};
		1AF4C2F017865DB400122817 /* PBXContainerItemProxy */ = {
			isa = PBXContainerItemProxy;
			containerPortal = 1AF4C2BB17865D9500122817 /* cocos2d_libs.xcodeproj */;
			proxyType = 1;
			remoteGlobalIDString = A07A4F3C1783876B0073F6A7;
			remoteInfo = "box2d iOS";
		};
		1AF4C2F217865DB400122817 /* PBXContainerItemProxy */ = {
			isa = PBXContainerItemProxy;
			containerPortal = 1AF4C2BB17865D9500122817 /* cocos2d_libs.xcodeproj */;
			proxyType = 1;
			remoteGlobalIDString = A07A4F9F178387730073F6A7;
			remoteInfo = "CocosDenshion iOS";
		};
		503AE10717EB99BC00D1A890 /* PBXContainerItemProxy */ = {
			isa = PBXContainerItemProxy;
			containerPortal = 1AF4C2BB17865D9500122817 /* cocos2d_libs.xcodeproj */;
			proxyType = 1;
			remoteGlobalIDString = 1551A33E158F2AB200E66CFE;
			remoteInfo = "cocos2dx Mac";
		};
		503AE10917EB99BC00D1A890 /* PBXContainerItemProxy */ = {
			isa = PBXContainerItemProxy;
			containerPortal = 1AF4C2BB17865D9500122817 /* cocos2d_libs.xcodeproj */;
			proxyType = 1;
			remoteGlobalIDString = A03F2FC117814595006731B9;
			remoteInfo = "cocos2dx-extensions Mac";
		};
		503AE10B17EB99BC00D1A890 /* PBXContainerItemProxy */ = {
			isa = PBXContainerItemProxy;
			containerPortal = 1AF4C2BB17865D9500122817 /* cocos2d_libs.xcodeproj */;
			proxyType = 1;
			remoteGlobalIDString = A03F2B781780BD04006731B9;
			remoteInfo = "chipmunk Mac";
		};
		503AE10D17EB99BC00D1A890 /* PBXContainerItemProxy */ = {
			isa = PBXContainerItemProxy;
			containerPortal = 1AF4C2BB17865D9500122817 /* cocos2d_libs.xcodeproj */;
			proxyType = 1;
			remoteGlobalIDString = A03F2D5D1780BDF7006731B9;
			remoteInfo = "box2d Mac";
		};
		503AE10F17EB99BC00D1A890 /* PBXContainerItemProxy */ = {
			isa = PBXContainerItemProxy;
			containerPortal = 1AF4C2BB17865D9500122817 /* cocos2d_libs.xcodeproj */;
			proxyType = 1;
			remoteGlobalIDString = A03F2E9817814268006731B9;
			remoteInfo = "CocosDenshion Mac";
		};
/* End PBXContainerItemProxy section */

/* Begin PBXFileReference section */
		141093A51933219C00E43BFC /* Security.framework */ = {isa = PBXFileReference; lastKnownFileType = wrapper.framework; name = Security.framework; path = Platforms/iPhoneOS.platform/Developer/SDKs/iPhoneOS7.0.sdk/System/Library/Frameworks/Security.framework; sourceTree = DEVELOPER_DIR; };
		141093AD193321A900E43BFC /* SystemConfiguration.framework */ = {isa = PBXFileReference; lastKnownFileType = wrapper.framework; name = SystemConfiguration.framework; path = Platforms/iPhoneOS.platform/Developer/SDKs/iPhoneOS7.0.sdk/System/Library/Frameworks/SystemConfiguration.framework; sourceTree = DEVELOPER_DIR; };
		141093C119334F1F00E43BFC /* libGooglePlusUniversal.a */ = {isa = PBXFileReference; lastKnownFileType = archive.ar; name = libGooglePlusUniversal.a; path = "../library/google-plus-ios-sdk-1.2.1/lib/libGooglePlusUniversal.a"; sourceTree = "<group>"; };
		141093C219334F1F00E43BFC /* libGooglePlus.a */ = {isa = PBXFileReference; lastKnownFileType = archive.ar; name = libGooglePlus.a; path = "../library/google-plus-ios-sdk-1.2.1/lib/libGooglePlus.a"; sourceTree = "<group>"; };
		141093C71933503D00E43BFC /* GTLBase64.h */ = {isa = PBXFileReference; fileEncoding = 4; lastKnownFileType = sourcecode.c.h; path = GTLBase64.h; sourceTree = "<group>"; };
		141093C81933503D00E43BFC /* GTLBase64.m */ = {isa = PBXFileReference; fileEncoding = 4; lastKnownFileType = sourcecode.c.objc; path = GTLBase64.m; sourceTree = "<group>"; };
		141093C91933503D00E43BFC /* GTLBatchQuery.h */ = {isa = PBXFileReference; fileEncoding = 4; lastKnownFileType = sourcecode.c.h; path = GTLBatchQuery.h; sourceTree = "<group>"; };
		141093CA1933503D00E43BFC /* GTLBatchQuery.m */ = {isa = PBXFileReference; fileEncoding = 4; lastKnownFileType = sourcecode.c.objc; path = GTLBatchQuery.m; sourceTree = "<group>"; };
		141093CB1933503D00E43BFC /* GTLBatchResult.h */ = {isa = PBXFileReference; fileEncoding = 4; lastKnownFileType = sourcecode.c.h; path = GTLBatchResult.h; sourceTree = "<group>"; };
		141093CC1933503D00E43BFC /* GTLBatchResult.m */ = {isa = PBXFileReference; fileEncoding = 4; lastKnownFileType = sourcecode.c.objc; path = GTLBatchResult.m; sourceTree = "<group>"; };
		141093CD1933503D00E43BFC /* GTLDateTime.h */ = {isa = PBXFileReference; fileEncoding = 4; lastKnownFileType = sourcecode.c.h; path = GTLDateTime.h; sourceTree = "<group>"; };
		141093CE1933503D00E43BFC /* GTLDateTime.m */ = {isa = PBXFileReference; fileEncoding = 4; lastKnownFileType = sourcecode.c.objc; path = GTLDateTime.m; sourceTree = "<group>"; };
		141093CF1933503D00E43BFC /* GTLDefines.h */ = {isa = PBXFileReference; fileEncoding = 4; lastKnownFileType = sourcecode.c.h; path = GTLDefines.h; sourceTree = "<group>"; };
		141093D01933503D00E43BFC /* GTLErrorObject.h */ = {isa = PBXFileReference; fileEncoding = 4; lastKnownFileType = sourcecode.c.h; path = GTLErrorObject.h; sourceTree = "<group>"; };
		141093D11933503D00E43BFC /* GTLErrorObject.m */ = {isa = PBXFileReference; fileEncoding = 4; lastKnownFileType = sourcecode.c.objc; path = GTLErrorObject.m; sourceTree = "<group>"; };
		141093D21933503D00E43BFC /* GTLFramework.h */ = {isa = PBXFileReference; fileEncoding = 4; lastKnownFileType = sourcecode.c.h; path = GTLFramework.h; sourceTree = "<group>"; };
		141093D31933503D00E43BFC /* GTLFramework.m */ = {isa = PBXFileReference; fileEncoding = 4; lastKnownFileType = sourcecode.c.objc; path = GTLFramework.m; sourceTree = "<group>"; };
		141093D41933503D00E43BFC /* GTLJSONParser.h */ = {isa = PBXFileReference; fileEncoding = 4; lastKnownFileType = sourcecode.c.h; path = GTLJSONParser.h; sourceTree = "<group>"; };
		141093D51933503D00E43BFC /* GTLJSONParser.m */ = {isa = PBXFileReference; fileEncoding = 4; lastKnownFileType = sourcecode.c.objc; path = GTLJSONParser.m; sourceTree = "<group>"; };
		141093D61933503D00E43BFC /* GTLObject.h */ = {isa = PBXFileReference; fileEncoding = 4; lastKnownFileType = sourcecode.c.h; path = GTLObject.h; sourceTree = "<group>"; };
		141093D71933503D00E43BFC /* GTLObject.m */ = {isa = PBXFileReference; fileEncoding = 4; lastKnownFileType = sourcecode.c.objc; path = GTLObject.m; sourceTree = "<group>"; };
		141093D91933503D00E43BFC /* GTLPlus.h */ = {isa = PBXFileReference; fileEncoding = 4; lastKnownFileType = sourcecode.c.h; path = GTLPlus.h; sourceTree = "<group>"; };
		141093DA1933503D00E43BFC /* GTLPlusAcl.h */ = {isa = PBXFileReference; fileEncoding = 4; lastKnownFileType = sourcecode.c.h; path = GTLPlusAcl.h; sourceTree = "<group>"; };
		141093DB1933503D00E43BFC /* GTLPlusAcl.m */ = {isa = PBXFileReference; fileEncoding = 4; lastKnownFileType = sourcecode.c.objc; path = GTLPlusAcl.m; sourceTree = "<group>"; };
		141093DC1933503D00E43BFC /* GTLPlusAclentryResource.h */ = {isa = PBXFileReference; fileEncoding = 4; lastKnownFileType = sourcecode.c.h; path = GTLPlusAclentryResource.h; sourceTree = "<group>"; };
		141093DD1933503D00E43BFC /* GTLPlusAclentryResource.m */ = {isa = PBXFileReference; fileEncoding = 4; lastKnownFileType = sourcecode.c.objc; path = GTLPlusAclentryResource.m; sourceTree = "<group>"; };
		141093DE1933503D00E43BFC /* GTLPlusActivity.h */ = {isa = PBXFileReference; fileEncoding = 4; lastKnownFileType = sourcecode.c.h; path = GTLPlusActivity.h; sourceTree = "<group>"; };
		141093DF1933503D00E43BFC /* GTLPlusActivity.m */ = {isa = PBXFileReference; fileEncoding = 4; lastKnownFileType = sourcecode.c.objc; path = GTLPlusActivity.m; sourceTree = "<group>"; };
		141093E01933503D00E43BFC /* GTLPlusActivityFeed.h */ = {isa = PBXFileReference; fileEncoding = 4; lastKnownFileType = sourcecode.c.h; path = GTLPlusActivityFeed.h; sourceTree = "<group>"; };
		141093E11933503D00E43BFC /* GTLPlusActivityFeed.m */ = {isa = PBXFileReference; fileEncoding = 4; lastKnownFileType = sourcecode.c.objc; path = GTLPlusActivityFeed.m; sourceTree = "<group>"; };
		141093E21933503D00E43BFC /* GTLPlusComment.h */ = {isa = PBXFileReference; fileEncoding = 4; lastKnownFileType = sourcecode.c.h; path = GTLPlusComment.h; sourceTree = "<group>"; };
		141093E31933503D00E43BFC /* GTLPlusComment.m */ = {isa = PBXFileReference; fileEncoding = 4; lastKnownFileType = sourcecode.c.objc; path = GTLPlusComment.m; sourceTree = "<group>"; };
		141093E41933503D00E43BFC /* GTLPlusCommentFeed.h */ = {isa = PBXFileReference; fileEncoding = 4; lastKnownFileType = sourcecode.c.h; path = GTLPlusCommentFeed.h; sourceTree = "<group>"; };
		141093E51933503D00E43BFC /* GTLPlusCommentFeed.m */ = {isa = PBXFileReference; fileEncoding = 4; lastKnownFileType = sourcecode.c.objc; path = GTLPlusCommentFeed.m; sourceTree = "<group>"; };
		141093E61933503D00E43BFC /* GTLPlusConstants.h */ = {isa = PBXFileReference; fileEncoding = 4; lastKnownFileType = sourcecode.c.h; path = GTLPlusConstants.h; sourceTree = "<group>"; };
		141093E71933503D00E43BFC /* GTLPlusConstants.m */ = {isa = PBXFileReference; fileEncoding = 4; lastKnownFileType = sourcecode.c.objc; path = GTLPlusConstants.m; sourceTree = "<group>"; };
		141093E81933503D00E43BFC /* GTLPlusItemScope.h */ = {isa = PBXFileReference; fileEncoding = 4; lastKnownFileType = sourcecode.c.h; path = GTLPlusItemScope.h; sourceTree = "<group>"; };
		141093E91933503D00E43BFC /* GTLPlusItemScope.m */ = {isa = PBXFileReference; fileEncoding = 4; lastKnownFileType = sourcecode.c.objc; path = GTLPlusItemScope.m; sourceTree = "<group>"; };
		141093EA1933503D00E43BFC /* GTLPlusMoment.h */ = {isa = PBXFileReference; fileEncoding = 4; lastKnownFileType = sourcecode.c.h; path = GTLPlusMoment.h; sourceTree = "<group>"; };
		141093EB1933503D00E43BFC /* GTLPlusMoment.m */ = {isa = PBXFileReference; fileEncoding = 4; lastKnownFileType = sourcecode.c.objc; path = GTLPlusMoment.m; sourceTree = "<group>"; };
		141093EC1933503D00E43BFC /* GTLPlusMomentsFeed.h */ = {isa = PBXFileReference; fileEncoding = 4; lastKnownFileType = sourcecode.c.h; path = GTLPlusMomentsFeed.h; sourceTree = "<group>"; };
		141093ED1933503D00E43BFC /* GTLPlusMomentsFeed.m */ = {isa = PBXFileReference; fileEncoding = 4; lastKnownFileType = sourcecode.c.objc; path = GTLPlusMomentsFeed.m; sourceTree = "<group>"; };
		141093EE1933503D00E43BFC /* GTLPlusPeopleFeed.h */ = {isa = PBXFileReference; fileEncoding = 4; lastKnownFileType = sourcecode.c.h; path = GTLPlusPeopleFeed.h; sourceTree = "<group>"; };
		141093EF1933503D00E43BFC /* GTLPlusPeopleFeed.m */ = {isa = PBXFileReference; fileEncoding = 4; lastKnownFileType = sourcecode.c.objc; path = GTLPlusPeopleFeed.m; sourceTree = "<group>"; };
		141093F01933503D00E43BFC /* GTLPlusPerson.h */ = {isa = PBXFileReference; fileEncoding = 4; lastKnownFileType = sourcecode.c.h; path = GTLPlusPerson.h; sourceTree = "<group>"; };
		141093F11933503D00E43BFC /* GTLPlusPerson.m */ = {isa = PBXFileReference; fileEncoding = 4; lastKnownFileType = sourcecode.c.objc; path = GTLPlusPerson.m; sourceTree = "<group>"; };
		141093F21933503D00E43BFC /* GTLQueryPlus.h */ = {isa = PBXFileReference; fileEncoding = 4; lastKnownFileType = sourcecode.c.h; path = GTLQueryPlus.h; sourceTree = "<group>"; };
		141093F31933503D00E43BFC /* GTLQueryPlus.m */ = {isa = PBXFileReference; fileEncoding = 4; lastKnownFileType = sourcecode.c.objc; path = GTLQueryPlus.m; sourceTree = "<group>"; };
		141093F41933503D00E43BFC /* GTLServicePlus.h */ = {isa = PBXFileReference; fileEncoding = 4; lastKnownFileType = sourcecode.c.h; path = GTLServicePlus.h; sourceTree = "<group>"; };
		141093F51933503D00E43BFC /* GTLServicePlus.m */ = {isa = PBXFileReference; fileEncoding = 4; lastKnownFileType = sourcecode.c.objc; path = GTLServicePlus.m; sourceTree = "<group>"; };
		141093F61933503D00E43BFC /* GTLQuery.h */ = {isa = PBXFileReference; fileEncoding = 4; lastKnownFileType = sourcecode.c.h; path = GTLQuery.h; sourceTree = "<group>"; };
		141093F71933503D00E43BFC /* GTLQuery.m */ = {isa = PBXFileReference; fileEncoding = 4; lastKnownFileType = sourcecode.c.objc; path = GTLQuery.m; sourceTree = "<group>"; };
		141093F81933503D00E43BFC /* GTLRuntimeCommon.h */ = {isa = PBXFileReference; fileEncoding = 4; lastKnownFileType = sourcecode.c.h; path = GTLRuntimeCommon.h; sourceTree = "<group>"; };
		141093F91933503D00E43BFC /* GTLRuntimeCommon.m */ = {isa = PBXFileReference; fileEncoding = 4; lastKnownFileType = sourcecode.c.objc; path = GTLRuntimeCommon.m; sourceTree = "<group>"; };
		141093FA1933503D00E43BFC /* GTLService.h */ = {isa = PBXFileReference; fileEncoding = 4; lastKnownFileType = sourcecode.c.h; path = GTLService.h; sourceTree = "<group>"; };
		141093FB1933503D00E43BFC /* GTLService.m */ = {isa = PBXFileReference; fileEncoding = 4; lastKnownFileType = sourcecode.c.objc; path = GTLService.m; sourceTree = "<group>"; };
		141093FC1933503D00E43BFC /* GTLTargetNamespace.h */ = {isa = PBXFileReference; fileEncoding = 4; lastKnownFileType = sourcecode.c.h; path = GTLTargetNamespace.h; sourceTree = "<group>"; };
		141093FD1933503D00E43BFC /* GTLUploadParameters.h */ = {isa = PBXFileReference; fileEncoding = 4; lastKnownFileType = sourcecode.c.h; path = GTLUploadParameters.h; sourceTree = "<group>"; };
		141093FE1933503D00E43BFC /* GTLUploadParameters.m */ = {isa = PBXFileReference; fileEncoding = 4; lastKnownFileType = sourcecode.c.objc; path = GTLUploadParameters.m; sourceTree = "<group>"; };
		141093FF1933503D00E43BFC /* GTLUtilities.h */ = {isa = PBXFileReference; fileEncoding = 4; lastKnownFileType = sourcecode.c.h; path = GTLUtilities.h; sourceTree = "<group>"; };
		141094001933503D00E43BFC /* GTLUtilities.m */ = {isa = PBXFileReference; fileEncoding = 4; lastKnownFileType = sourcecode.c.objc; path = GTLUtilities.m; sourceTree = "<group>"; };
		141094011933503D00E43BFC /* GTMDefines.h */ = {isa = PBXFileReference; fileEncoding = 4; lastKnownFileType = sourcecode.c.h; path = GTMDefines.h; sourceTree = "<group>"; };
		141094021933503D00E43BFC /* GTMGarbageCollection.h */ = {isa = PBXFileReference; fileEncoding = 4; lastKnownFileType = sourcecode.c.h; path = GTMGarbageCollection.h; sourceTree = "<group>"; };
		141094031933503D00E43BFC /* GTMHTTPFetcher.h */ = {isa = PBXFileReference; fileEncoding = 4; lastKnownFileType = sourcecode.c.h; path = GTMHTTPFetcher.h; sourceTree = "<group>"; };
		141094041933503D00E43BFC /* GTMHTTPFetcher.m */ = {isa = PBXFileReference; fileEncoding = 4; lastKnownFileType = sourcecode.c.objc; path = GTMHTTPFetcher.m; sourceTree = "<group>"; };
		141094051933503D00E43BFC /* GTMHTTPFetcherLogging.h */ = {isa = PBXFileReference; fileEncoding = 4; lastKnownFileType = sourcecode.c.h; path = GTMHTTPFetcherLogging.h; sourceTree = "<group>"; };
		141094061933503D00E43BFC /* GTMHTTPFetcherLogging.m */ = {isa = PBXFileReference; fileEncoding = 4; lastKnownFileType = sourcecode.c.objc; path = GTMHTTPFetcherLogging.m; sourceTree = "<group>"; };
		141094071933503D00E43BFC /* GTMHTTPFetcherService.h */ = {isa = PBXFileReference; fileEncoding = 4; lastKnownFileType = sourcecode.c.h; path = GTMHTTPFetcherService.h; sourceTree = "<group>"; };
		141094081933503D00E43BFC /* GTMHTTPFetcherService.m */ = {isa = PBXFileReference; fileEncoding = 4; lastKnownFileType = sourcecode.c.objc; path = GTMHTTPFetcherService.m; sourceTree = "<group>"; };
		141094091933503D00E43BFC /* GTMHTTPFetchHistory.h */ = {isa = PBXFileReference; fileEncoding = 4; lastKnownFileType = sourcecode.c.h; path = GTMHTTPFetchHistory.h; sourceTree = "<group>"; };
		1410940A1933503D00E43BFC /* GTMHTTPFetchHistory.m */ = {isa = PBXFileReference; fileEncoding = 4; lastKnownFileType = sourcecode.c.objc; path = GTMHTTPFetchHistory.m; sourceTree = "<group>"; };
		1410940B1933503D00E43BFC /* GTMLogger.h */ = {isa = PBXFileReference; fileEncoding = 4; lastKnownFileType = sourcecode.c.h; path = GTMLogger.h; sourceTree = "<group>"; };
		1410940C1933503D00E43BFC /* GTMLogger.m */ = {isa = PBXFileReference; fileEncoding = 4; lastKnownFileType = sourcecode.c.objc; path = GTMLogger.m; sourceTree = "<group>"; };
		1410940D1933503D00E43BFC /* GTMMethodCheck.h */ = {isa = PBXFileReference; fileEncoding = 4; lastKnownFileType = sourcecode.c.h; path = GTMMethodCheck.h; sourceTree = "<group>"; };
		1410940E1933503D00E43BFC /* GTMMethodCheck.m */ = {isa = PBXFileReference; fileEncoding = 4; lastKnownFileType = sourcecode.c.objc; path = GTMMethodCheck.m; sourceTree = "<group>"; };
		1410940F1933503D00E43BFC /* GTMNSDictionary+URLArguments.h */ = {isa = PBXFileReference; fileEncoding = 4; lastKnownFileType = sourcecode.c.h; path = "GTMNSDictionary+URLArguments.h"; sourceTree = "<group>"; };
		141094101933503D00E43BFC /* GTMNSDictionary+URLArguments.m */ = {isa = PBXFileReference; fileEncoding = 4; lastKnownFileType = sourcecode.c.objc; path = "GTMNSDictionary+URLArguments.m"; sourceTree = "<group>"; };
		141094111933503D00E43BFC /* GTMNSString+URLArguments.h */ = {isa = PBXFileReference; fileEncoding = 4; lastKnownFileType = sourcecode.c.h; path = "GTMNSString+URLArguments.h"; sourceTree = "<group>"; };
		141094121933503D00E43BFC /* GTMNSString+URLArguments.m */ = {isa = PBXFileReference; fileEncoding = 4; lastKnownFileType = sourcecode.c.objc; path = "GTMNSString+URLArguments.m"; sourceTree = "<group>"; };
		141094131933503D00E43BFC /* GTMOAuth2Authentication.h */ = {isa = PBXFileReference; fileEncoding = 4; lastKnownFileType = sourcecode.c.h; path = GTMOAuth2Authentication.h; sourceTree = "<group>"; };
		141094141933503D00E43BFC /* GTMOAuth2Authentication.m */ = {isa = PBXFileReference; fileEncoding = 4; lastKnownFileType = sourcecode.c.objc; path = GTMOAuth2Authentication.m; sourceTree = "<group>"; };
		141094151933503D00E43BFC /* GTMOAuth2SignIn.h */ = {isa = PBXFileReference; fileEncoding = 4; lastKnownFileType = sourcecode.c.h; path = GTMOAuth2SignIn.h; sourceTree = "<group>"; };
		141094161933503D00E43BFC /* GTMOAuth2SignIn.m */ = {isa = PBXFileReference; fileEncoding = 4; lastKnownFileType = sourcecode.c.objc; path = GTMOAuth2SignIn.m; sourceTree = "<group>"; };
		141094171933503D00E43BFC /* GTMOAuth2ViewControllerTouch.h */ = {isa = PBXFileReference; fileEncoding = 4; lastKnownFileType = sourcecode.c.h; path = GTMOAuth2ViewControllerTouch.h; sourceTree = "<group>"; };
		141094181933503D00E43BFC /* GTMOAuth2ViewControllerTouch.m */ = {isa = PBXFileReference; fileEncoding = 4; lastKnownFileType = sourcecode.c.objc; path = GTMOAuth2ViewControllerTouch.m; sourceTree = "<group>"; };
		141094191933503D00E43BFC /* GTMOAuth2ViewTouch.xib */ = {isa = PBXFileReference; fileEncoding = 4; lastKnownFileType = file.xib; path = GTMOAuth2ViewTouch.xib; sourceTree = "<group>"; };
		1410941A1933503D00E43BFC /* GTMObjC2Runtime.h */ = {isa = PBXFileReference; fileEncoding = 4; lastKnownFileType = sourcecode.c.h; path = GTMObjC2Runtime.h; sourceTree = "<group>"; };
		1410941B1933503D00E43BFC /* GTMObjC2Runtime.m */ = {isa = PBXFileReference; fileEncoding = 4; lastKnownFileType = sourcecode.c.objc; path = GTMObjC2Runtime.m; sourceTree = "<group>"; };
		1410941C1933503D00E43BFC /* OpenInChromeController.h */ = {isa = PBXFileReference; fileEncoding = 4; lastKnownFileType = sourcecode.c.h; path = OpenInChromeController.h; sourceTree = "<group>"; };
		1410941D1933503D00E43BFC /* OpenInChromeController.m */ = {isa = PBXFileReference; fileEncoding = 4; lastKnownFileType = sourcecode.c.objc; path = OpenInChromeController.m; sourceTree = "<group>"; };
		1410941F1933503D00E43BFC /* GPPDeepLink.h */ = {isa = PBXFileReference; fileEncoding = 4; lastKnownFileType = sourcecode.c.h; path = GPPDeepLink.h; sourceTree = "<group>"; };
		141094201933503D00E43BFC /* GPPShare.h */ = {isa = PBXFileReference; fileEncoding = 4; lastKnownFileType = sourcecode.c.h; path = GPPShare.h; sourceTree = "<group>"; };
		141094211933503D00E43BFC /* GPPSignIn.h */ = {isa = PBXFileReference; fileEncoding = 4; lastKnownFileType = sourcecode.c.h; path = GPPSignIn.h; sourceTree = "<group>"; };
		141094221933503D00E43BFC /* GPPSignInButton.h */ = {isa = PBXFileReference; fileEncoding = 4; lastKnownFileType = sourcecode.c.h; path = GPPSignInButton.h; sourceTree = "<group>"; };
		141094231933503D00E43BFC /* GPPURLHandler.h */ = {isa = PBXFileReference; fileEncoding = 4; lastKnownFileType = sourcecode.c.h; path = GPPURLHandler.h; sourceTree = "<group>"; };
		141094241933503D00E43BFC /* libGooglePlus.a */ = {isa = PBXFileReference; lastKnownFileType = archive.ar; path = libGooglePlus.a; sourceTree = "<group>"; };
		141094251933503D00E43BFC /* libGooglePlusUniversal.a */ = {isa = PBXFileReference; lastKnownFileType = archive.ar; path = libGooglePlusUniversal.a; sourceTree = "<group>"; };
		141094511933589100E43BFC /* GooglePlusSignInViewController.h */ = {isa = PBXFileReference; fileEncoding = 4; lastKnownFileType = sourcecode.c.h; name = GooglePlusSignInViewController.h; path = ios/GooglePlusSignInViewController.h; sourceTree = SOURCE_ROOT; };
		141094521933589100E43BFC /* GooglePlusSignInViewController.m */ = {isa = PBXFileReference; fileEncoding = 4; lastKnownFileType = sourcecode.c.objc; name = GooglePlusSignInViewController.m; path = ios/GooglePlusSignInViewController.m; sourceTree = SOURCE_ROOT; };
		141094531933589100E43BFC /* GooglePlusSignInViewController.xib */ = {isa = PBXFileReference; fileEncoding = 4; lastKnownFileType = file.xib; name = GooglePlusSignInViewController.xib; path = ios/GooglePlusSignInViewController.xib; sourceTree = SOURCE_ROOT; };
		145D32041907B8130067B357 /* AppMacros.h */ = {isa = PBXFileReference; fileEncoding = 4; lastKnownFileType = sourcecode.c.h; name = AppMacros.h; path = ../Classes/AppMacros.h; sourceTree = "<group>"; };
		145D32051907B8130067B357 /* BetMethodModel.cpp */ = {isa = PBXFileReference; fileEncoding = 4; lastKnownFileType = sourcecode.cpp.cpp; name = BetMethodModel.cpp; path = ../Classes/BetMethodModel.cpp; sourceTree = "<group>"; };
		145D32061907B8130067B357 /* BetMethodModel.h */ = {isa = PBXFileReference; fileEncoding = 4; lastKnownFileType = sourcecode.c.h; name = BetMethodModel.h; path = ../Classes/BetMethodModel.h; sourceTree = "<group>"; };
		145D32071907B8130067B357 /* OpeningLayer.cpp */ = {isa = PBXFileReference; fileEncoding = 4; lastKnownFileType = sourcecode.cpp.cpp; name = OpeningLayer.cpp; path = ../Classes/OpeningLayer.cpp; sourceTree = "<group>"; };
		145D32081907B8130067B357 /* OpeningLayer.h */ = {isa = PBXFileReference; fileEncoding = 4; lastKnownFileType = sourcecode.c.h; name = OpeningLayer.h; path = ../Classes/OpeningLayer.h; sourceTree = "<group>"; };
		145D32091907B8130067B357 /* RouletteConfig.h */ = {isa = PBXFileReference; fileEncoding = 4; lastKnownFileType = sourcecode.c.h; name = RouletteConfig.h; path = ../Classes/RouletteConfig.h; sourceTree = "<group>"; };
		145D320C1907B8130067B357 /* SelectScene.cpp */ = {isa = PBXFileReference; fileEncoding = 4; lastKnownFileType = sourcecode.cpp.cpp; name = SelectScene.cpp; path = ../Classes/SelectScene.cpp; sourceTree = "<group>"; };
		145D320D1907B8130067B357 /* SelectScene.h */ = {isa = PBXFileReference; fileEncoding = 4; lastKnownFileType = sourcecode.c.h; name = SelectScene.h; path = ../Classes/SelectScene.h; sourceTree = "<group>"; };
		145D320E1907B8130067B357 /* Text.h */ = {isa = PBXFileReference; fileEncoding = 4; lastKnownFileType = sourcecode.c.h; name = Text.h; path = ../Classes/Text.h; sourceTree = "<group>"; };
		145D32191907B8270067B357 /* ccbResources */ = {isa = PBXFileReference; lastKnownFileType = folder; path = ccbResources; sourceTree = "<group>"; };
		145D321A1907B8270067B357 /* fileLookup.plist */ = {isa = PBXFileReference; fileEncoding = 4; lastKnownFileType = text.plist.xml; path = fileLookup.plist; sourceTree = "<group>"; };
		145D321B1907B8270067B357 /* Footer.ccbi */ = {isa = PBXFileReference; lastKnownFileType = file; path = Footer.ccbi; sourceTree = "<group>"; };
		145D321C1907B8270067B357 /* Header.ccbi */ = {isa = PBXFileReference; lastKnownFileType = file; path = Header.ccbi; sourceTree = "<group>"; };
		145D321D1907B8270067B357 /* InputBetScene.ccbi */ = {isa = PBXFileReference; lastKnownFileType = file; path = InputBetScene.ccbi; sourceTree = "<group>"; };
		145D321E1907B8270067B357 /* InputResultScene.ccbi */ = {isa = PBXFileReference; lastKnownFileType = file; path = InputResultScene.ccbi; sourceTree = "<group>"; };
		145D321F1907B8270067B357 /* MainScene.ccbi */ = {isa = PBXFileReference; lastKnownFileType = file; path = MainScene.ccbi; sourceTree = "<group>"; };
		145D32201907B8270067B357 /* MainScene.js */ = {isa = PBXFileReference; fileEncoding = 4; lastKnownFileType = sourcecode.javascript; path = MainScene.js; sourceTree = "<group>"; };
		145D32211907B8270067B357 /* Opening.ccbi */ = {isa = PBXFileReference; lastKnownFileType = file; path = Opening.ccbi; sourceTree = "<group>"; };
		145D32221907B8270067B357 /* resources-iphone */ = {isa = PBXFileReference; lastKnownFileType = folder; path = "resources-iphone"; sourceTree = "<group>"; };
		145D32231907B8270067B357 /* resources-iphonehd */ = {isa = PBXFileReference; lastKnownFileType = folder; path = "resources-iphonehd"; sourceTree = "<group>"; };
		145D32241907B8270067B357 /* SelectScene.ccbi */ = {isa = PBXFileReference; lastKnownFileType = file; path = SelectScene.ccbi; sourceTree = "<group>"; };
		145D32251907B8270067B357 /* SelectZoneScene.ccbi */ = {isa = PBXFileReference; lastKnownFileType = file; path = SelectZoneScene.ccbi; sourceTree = "<group>"; };
		148BABBF193468320073A047 /* TestViewController.h */ = {isa = PBXFileReference; fileEncoding = 4; lastKnownFileType = sourcecode.c.h; path = TestViewController.h; sourceTree = SOURCE_ROOT; };
		148BABC0193468320073A047 /* TestViewController.m */ = {isa = PBXFileReference; fileEncoding = 4; lastKnownFileType = sourcecode.c.objc; path = TestViewController.m; sourceTree = SOURCE_ROOT; };
		148BABC1193468320073A047 /* TestViewController.xib */ = {isa = PBXFileReference; fileEncoding = 4; lastKnownFileType = file.xib; path = TestViewController.xib; sourceTree = SOURCE_ROOT; };
		1ACB3243164770DE00914215 /* libcurl.a */ = {isa = PBXFileReference; lastKnownFileType = archive.ar; name = libcurl.a; path = ../../cocos2dx/platform/third_party/ios/libraries/libcurl.a; sourceTree = "<group>"; };
		1AF4C2BB17865D9500122817 /* cocos2d_libs.xcodeproj */ = {isa = PBXFileReference; lastKnownFileType = "wrapper.pb-project"; name = cocos2d_libs.xcodeproj; path = ../../../cocos2d_libs.xcodeproj; sourceTree = "<group>"; };
		1AFAF8B316D35DE700DB1158 /* AppDelegate.cpp */ = {isa = PBXFileReference; fileEncoding = 4; lastKnownFileType = sourcecode.cpp.cpp; name = AppDelegate.cpp; path = ../Classes/AppDelegate.cpp; sourceTree = "<group>"; };
		1AFAF8B416D35DE700DB1158 /* AppDelegate.h */ = {isa = PBXFileReference; fileEncoding = 4; lastKnownFileType = sourcecode.c.h; name = AppDelegate.h; path = ../Classes/AppDelegate.h; sourceTree = "<group>"; };
		1AFAF8B516D35DE700DB1158 /* HelloWorldScene.cpp */ = {isa = PBXFileReference; fileEncoding = 4; lastKnownFileType = sourcecode.cpp.cpp; name = HelloWorldScene.cpp; path = ../Classes/HelloWorldScene.cpp; sourceTree = "<group>"; };
		1AFAF8B616D35DE700DB1158 /* HelloWorldScene.h */ = {isa = PBXFileReference; fileEncoding = 4; lastKnownFileType = sourcecode.c.h; name = HelloWorldScene.h; path = ../Classes/HelloWorldScene.h; sourceTree = "<group>"; };
		1D30AB110D05D00D00671497 /* Foundation.framework */ = {isa = PBXFileReference; lastKnownFileType = wrapper.framework; name = Foundation.framework; path = System/Library/Frameworks/Foundation.framework; sourceTree = SDKROOT; };
		1D6058910D05DD3D006BFB54 /* Casidra iOS.app */ = {isa = PBXFileReference; explicitFileType = wrapper.application; includeInIndex = 0; path = "Casidra iOS.app"; sourceTree = BUILT_PRODUCTS_DIR; };
		1DF5F4DF0D08C38300B7A737 /* UIKit.framework */ = {isa = PBXFileReference; lastKnownFileType = wrapper.framework; name = UIKit.framework; path = System/Library/Frameworks/UIKit.framework; sourceTree = SDKROOT; };
		288765A40DF7441C002DB57D /* CoreGraphics.framework */ = {isa = PBXFileReference; lastKnownFileType = wrapper.framework; name = CoreGraphics.framework; path = System/Library/Frameworks/CoreGraphics.framework; sourceTree = SDKROOT; };
		503AE0F617EB97AB00D1A890 /* Icon.icns */ = {isa = PBXFileReference; lastKnownFileType = image.icns; path = Icon.icns; sourceTree = "<group>"; };
		503AE0F717EB97AB00D1A890 /* Info.plist */ = {isa = PBXFileReference; fileEncoding = 4; lastKnownFileType = text.plist.xml; path = Info.plist; sourceTree = "<group>"; };
		503AE0FA17EB989F00D1A890 /* AppController.h */ = {isa = PBXFileReference; fileEncoding = 4; lastKnownFileType = sourcecode.c.h; name = AppController.h; path = ios/AppController.h; sourceTree = SOURCE_ROOT; };
		503AE0FB17EB989F00D1A890 /* AppController.mm */ = {isa = PBXFileReference; fileEncoding = 4; lastKnownFileType = sourcecode.cpp.objcpp; name = AppController.mm; path = ios/AppController.mm; sourceTree = SOURCE_ROOT; };
		503AE0FC17EB989F00D1A890 /* main.m */ = {isa = PBXFileReference; fileEncoding = 4; lastKnownFileType = sourcecode.c.objc; name = main.m; path = ios/main.m; sourceTree = SOURCE_ROOT; };
		503AE0FD17EB989F00D1A890 /* Prefix.pch */ = {isa = PBXFileReference; fileEncoding = 4; lastKnownFileType = sourcecode.c.h; name = Prefix.pch; path = ios/Prefix.pch; sourceTree = SOURCE_ROOT; };
		503AE0FE17EB989F00D1A890 /* RootViewController.h */ = {isa = PBXFileReference; fileEncoding = 4; lastKnownFileType = sourcecode.c.h; name = RootViewController.h; path = ios/RootViewController.h; sourceTree = SOURCE_ROOT; };
		503AE0FF17EB989F00D1A890 /* RootViewController.mm */ = {isa = PBXFileReference; fileEncoding = 4; lastKnownFileType = sourcecode.cpp.objcpp; name = RootViewController.mm; path = ios/RootViewController.mm; sourceTree = SOURCE_ROOT; };
		503AE10317EB98FF00D1A890 /* main.cpp */ = {isa = PBXFileReference; fileEncoding = 4; lastKnownFileType = sourcecode.cpp.cpp; name = main.cpp; path = mac/main.cpp; sourceTree = "<group>"; };
		503AE10417EB98FF00D1A890 /* Prefix.pch */ = {isa = PBXFileReference; fileEncoding = 4; lastKnownFileType = sourcecode.c.h; name = Prefix.pch; path = mac/Prefix.pch; sourceTree = "<group>"; };
		503AE11117EB99EE00D1A890 /* libcurl.dylib */ = {isa = PBXFileReference; lastKnownFileType = "compiled.mach-o.dylib"; name = libcurl.dylib; path = usr/lib/libcurl.dylib; sourceTree = SDKROOT; };
		503AE11A17EB9C5A00D1A890 /* IOKit.framework */ = {isa = PBXFileReference; lastKnownFileType = wrapper.framework; name = IOKit.framework; path = System/Library/Frameworks/IOKit.framework; sourceTree = SDKROOT; };
		5087E76F17EB910900C73F5D /* Casidra Mac.app */ = {isa = PBXFileReference; explicitFileType = wrapper.application; includeInIndex = 0; path = "Casidra Mac.app"; sourceTree = BUILT_PRODUCTS_DIR; };
		5087E77217EB970100C73F5D /* Default-568h@2x.png */ = {isa = PBXFileReference; lastKnownFileType = image.png; path = "Default-568h@2x.png"; sourceTree = "<group>"; };
		5087E77317EB970100C73F5D /* Default.png */ = {isa = PBXFileReference; lastKnownFileType = image.png; path = Default.png; sourceTree = "<group>"; };
		5087E77417EB970100C73F5D /* Default@2x.png */ = {isa = PBXFileReference; lastKnownFileType = image.png; path = "Default@2x.png"; sourceTree = "<group>"; };
		5087E77517EB970100C73F5D /* Icon-114.png */ = {isa = PBXFileReference; lastKnownFileType = image.png; path = "Icon-114.png"; sourceTree = "<group>"; };
		5087E77617EB970100C73F5D /* Icon-120.png */ = {isa = PBXFileReference; lastKnownFileType = image.png; path = "Icon-120.png"; sourceTree = "<group>"; };
		5087E77717EB970100C73F5D /* Icon-144.png */ = {isa = PBXFileReference; lastKnownFileType = image.png; path = "Icon-144.png"; sourceTree = "<group>"; };
		5087E77817EB970100C73F5D /* Icon-152.png */ = {isa = PBXFileReference; lastKnownFileType = image.png; path = "Icon-152.png"; sourceTree = "<group>"; };
		5087E77917EB970100C73F5D /* Icon-57.png */ = {isa = PBXFileReference; lastKnownFileType = image.png; path = "Icon-57.png"; sourceTree = "<group>"; };
		5087E77A17EB970100C73F5D /* Icon-72.png */ = {isa = PBXFileReference; lastKnownFileType = image.png; path = "Icon-72.png"; sourceTree = "<group>"; };
		5087E77B17EB970100C73F5D /* Icon-76.png */ = {isa = PBXFileReference; lastKnownFileType = image.png; path = "Icon-76.png"; sourceTree = "<group>"; };
		5087E77C17EB970100C73F5D /* Info.plist */ = {isa = PBXFileReference; fileEncoding = 4; lastKnownFileType = text.plist.xml; path = Info.plist; sourceTree = "<group>"; };
		5087E78817EB974C00C73F5D /* AppKit.framework */ = {isa = PBXFileReference; lastKnownFileType = wrapper.framework; name = AppKit.framework; path = System/Library/Frameworks/AppKit.framework; sourceTree = SDKROOT; };
		5087E78A17EB975400C73F5D /* OpenGL.framework */ = {isa = PBXFileReference; lastKnownFileType = wrapper.framework; name = OpenGL.framework; path = System/Library/Frameworks/OpenGL.framework; sourceTree = SDKROOT; };
		50EF629217ECD46A001EB2F8 /* Icon-40.png */ = {isa = PBXFileReference; lastKnownFileType = image.png; path = "Icon-40.png"; sourceTree = "<group>"; };
		50EF629317ECD46A001EB2F8 /* Icon-58.png */ = {isa = PBXFileReference; lastKnownFileType = image.png; path = "Icon-58.png"; sourceTree = "<group>"; };
		50EF629417ECD46A001EB2F8 /* Icon-80.png */ = {isa = PBXFileReference; lastKnownFileType = image.png; path = "Icon-80.png"; sourceTree = "<group>"; };
		50EF629517ECD46A001EB2F8 /* Icon-100.png */ = {isa = PBXFileReference; lastKnownFileType = image.png; path = "Icon-100.png"; sourceTree = "<group>"; };
		50EF62A017ECD613001EB2F8 /* Icon-29.png */ = {isa = PBXFileReference; lastKnownFileType = image.png; path = "Icon-29.png"; sourceTree = "<group>"; };
		50EF62A117ECD613001EB2F8 /* Icon-50.png */ = {isa = PBXFileReference; lastKnownFileType = image.png; path = "Icon-50.png"; sourceTree = "<group>"; };
		BF170DB012928DE900B8313A /* OpenGLES.framework */ = {isa = PBXFileReference; lastKnownFileType = wrapper.framework; name = OpenGLES.framework; path = System/Library/Frameworks/OpenGLES.framework; sourceTree = SDKROOT; };
		BF170DB412928DE900B8313A /* libz.dylib */ = {isa = PBXFileReference; lastKnownFileType = "compiled.mach-o.dylib"; name = libz.dylib; path = usr/lib/libz.dylib; sourceTree = SDKROOT; };
		BF1C47EA1293683800B63C5D /* QuartzCore.framework */ = {isa = PBXFileReference; lastKnownFileType = wrapper.framework; name = QuartzCore.framework; path = System/Library/Frameworks/QuartzCore.framework; sourceTree = SDKROOT; };
		D44C620B132DFF330009C878 /* OpenAL.framework */ = {isa = PBXFileReference; lastKnownFileType = wrapper.framework; name = OpenAL.framework; path = System/Library/Frameworks/OpenAL.framework; sourceTree = SDKROOT; };
		D44C620D132DFF430009C878 /* AVFoundation.framework */ = {isa = PBXFileReference; lastKnownFileType = wrapper.framework; name = AVFoundation.framework; path = System/Library/Frameworks/AVFoundation.framework; sourceTree = SDKROOT; };
		D44C620F132DFF4E0009C878 /* AudioToolbox.framework */ = {isa = PBXFileReference; lastKnownFileType = wrapper.framework; name = AudioToolbox.framework; path = System/Library/Frameworks/AudioToolbox.framework; sourceTree = SDKROOT; };
/* End PBXFileReference section */

/* Begin PBXFrameworksBuildPhase section */
		1D60588F0D05DD3D006BFB54 /* Frameworks */ = {
			isa = PBXFrameworksBuildPhase;
			buildActionMask = 2147483647;
			files = (
				141093C319334F1F00E43BFC /* libGooglePlusUniversal.a in Frameworks */,
				141093C419334F1F00E43BFC /* libGooglePlus.a in Frameworks */,
				141093AE193321A900E43BFC /* SystemConfiguration.framework in Frameworks */,
				141093A61933219C00E43BFC /* Security.framework in Frameworks */,
				1AF4C2F417865DCB00122817 /* libbox2d iOS.a in Frameworks */,
				1AF4C2F517865DCB00122817 /* libchipmunk iOS.a in Frameworks */,
				1AF4C2F617865DCB00122817 /* libcocos2dx iOS.a in Frameworks */,
				1AF4C2F717865DCB00122817 /* libcocos2dx-extensions iOS.a in Frameworks */,
				1AF4C2F817865DCB00122817 /* libCocosDenshion iOS.a in Frameworks */,
				1ACB3244164770DE00914215 /* libcurl.a in Frameworks */,
				141094501933503E00E43BFC /* libGooglePlusUniversal.a in Frameworks */,
				1410944F1933503E00E43BFC /* libGooglePlus.a in Frameworks */,
				1D60589F0D05DD5A006BFB54 /* Foundation.framework in Frameworks */,
				1DF5F4E00D08C38300B7A737 /* UIKit.framework in Frameworks */,
				288765A50DF7441C002DB57D /* CoreGraphics.framework in Frameworks */,
				BF171245129291EC00B8313A /* OpenGLES.framework in Frameworks */,
				BF1712471292920000B8313A /* libz.dylib in Frameworks */,
				BF1C47F01293687400B63C5D /* QuartzCore.framework in Frameworks */,
				D44C620C132DFF330009C878 /* OpenAL.framework in Frameworks */,
				D44C620E132DFF430009C878 /* AVFoundation.framework in Frameworks */,
				D44C6210132DFF4E0009C878 /* AudioToolbox.framework in Frameworks */,
			);
			runOnlyForDeploymentPostprocessing = 0;
		};
		5087E75C17EB910900C73F5D /* Frameworks */ = {
			isa = PBXFrameworksBuildPhase;
			buildActionMask = 2147483647;
			files = (
				503AE11317EB9C0700D1A890 /* libbox2d Mac.a in Frameworks */,
				503AE11417EB9C0700D1A890 /* libchipmunk Mac.a in Frameworks */,
				503AE11517EB9C0700D1A890 /* libcocos2dx Mac.a in Frameworks */,
				503AE11617EB9C0700D1A890 /* libcocos2dx-extensions Mac.a in Frameworks */,
				503AE11717EB9C0700D1A890 /* libCocosDenshion Mac.a in Frameworks */,
				503AE11217EB99EE00D1A890 /* libcurl.dylib in Frameworks */,
				5087E76717EB910900C73F5D /* libz.dylib in Frameworks */,
				503AE11B17EB9C5A00D1A890 /* IOKit.framework in Frameworks */,
				5087E78B17EB975400C73F5D /* OpenGL.framework in Frameworks */,
				5087E78917EB974C00C73F5D /* AppKit.framework in Frameworks */,
				5087E76317EB910900C73F5D /* Foundation.framework in Frameworks */,
				5087E76517EB910900C73F5D /* CoreGraphics.framework in Frameworks */,
				5087E76817EB910900C73F5D /* QuartzCore.framework in Frameworks */,
				5087E76917EB910900C73F5D /* OpenAL.framework in Frameworks */,
				5087E76A17EB910900C73F5D /* AVFoundation.framework in Frameworks */,
				5087E76B17EB910900C73F5D /* AudioToolbox.framework in Frameworks */,
			);
			runOnlyForDeploymentPostprocessing = 0;
		};
/* End PBXFrameworksBuildPhase section */

/* Begin PBXGroup section */
		080E96DDFE201D6D7F000001 /* ios */ = {
			isa = PBXGroup;
			children = (
				5087E77117EB970100C73F5D /* Icons */,
				503AE0FA17EB989F00D1A890 /* AppController.h */,
				503AE0FB17EB989F00D1A890 /* AppController.mm */,
				503AE0FC17EB989F00D1A890 /* main.m */,
				503AE0FD17EB989F00D1A890 /* Prefix.pch */,
				503AE0FE17EB989F00D1A890 /* RootViewController.h */,
				503AE0FF17EB989F00D1A890 /* RootViewController.mm */,
				141094511933589100E43BFC /* GooglePlusSignInViewController.h */,
				141094521933589100E43BFC /* GooglePlusSignInViewController.m */,
				141094531933589100E43BFC /* GooglePlusSignInViewController.xib */,
				148BABBF193468320073A047 /* TestViewController.h */,
				148BABC0193468320073A047 /* TestViewController.m */,
				148BABC1193468320073A047 /* TestViewController.xib */,
			);
			name = ios;
			path = Classes;
			sourceTree = "<group>";
		};
		141093C51933503D00E43BFC /* OpenSource */ = {
			isa = PBXGroup;
			children = (
				141093C61933503D00E43BFC /* GTL */,
				141094011933503D00E43BFC /* GTMDefines.h */,
				141094021933503D00E43BFC /* GTMGarbageCollection.h */,
				141094031933503D00E43BFC /* GTMHTTPFetcher.h */,
				141094041933503D00E43BFC /* GTMHTTPFetcher.m */,
				141094051933503D00E43BFC /* GTMHTTPFetcherLogging.h */,
				141094061933503D00E43BFC /* GTMHTTPFetcherLogging.m */,
				141094071933503D00E43BFC /* GTMHTTPFetcherService.h */,
				141094081933503D00E43BFC /* GTMHTTPFetcherService.m */,
				141094091933503D00E43BFC /* GTMHTTPFetchHistory.h */,
				1410940A1933503D00E43BFC /* GTMHTTPFetchHistory.m */,
				1410940B1933503D00E43BFC /* GTMLogger.h */,
				1410940C1933503D00E43BFC /* GTMLogger.m */,
				1410940D1933503D00E43BFC /* GTMMethodCheck.h */,
				1410940E1933503D00E43BFC /* GTMMethodCheck.m */,
				1410940F1933503D00E43BFC /* GTMNSDictionary+URLArguments.h */,
				141094101933503D00E43BFC /* GTMNSDictionary+URLArguments.m */,
				141094111933503D00E43BFC /* GTMNSString+URLArguments.h */,
				141094121933503D00E43BFC /* GTMNSString+URLArguments.m */,
				141094131933503D00E43BFC /* GTMOAuth2Authentication.h */,
				141094141933503D00E43BFC /* GTMOAuth2Authentication.m */,
				141094151933503D00E43BFC /* GTMOAuth2SignIn.h */,
				141094161933503D00E43BFC /* GTMOAuth2SignIn.m */,
				141094171933503D00E43BFC /* GTMOAuth2ViewControllerTouch.h */,
				141094181933503D00E43BFC /* GTMOAuth2ViewControllerTouch.m */,
				141094191933503D00E43BFC /* GTMOAuth2ViewTouch.xib */,
				1410941A1933503D00E43BFC /* GTMObjC2Runtime.h */,
				1410941B1933503D00E43BFC /* GTMObjC2Runtime.m */,
				1410941C1933503D00E43BFC /* OpenInChromeController.h */,
				1410941D1933503D00E43BFC /* OpenInChromeController.m */,
			);
			name = OpenSource;
			path = "../library/google-plus-ios-sdk-1.2.1/OpenSource";
			sourceTree = "<group>";
		};
		141093C61933503D00E43BFC /* GTL */ = {
			isa = PBXGroup;
			children = (
				141093C71933503D00E43BFC /* GTLBase64.h */,
				141093C81933503D00E43BFC /* GTLBase64.m */,
				141093C91933503D00E43BFC /* GTLBatchQuery.h */,
				141093CA1933503D00E43BFC /* GTLBatchQuery.m */,
				141093CB1933503D00E43BFC /* GTLBatchResult.h */,
				141093CC1933503D00E43BFC /* GTLBatchResult.m */,
				141093CD1933503D00E43BFC /* GTLDateTime.h */,
				141093CE1933503D00E43BFC /* GTLDateTime.m */,
				141093CF1933503D00E43BFC /* GTLDefines.h */,
				141093D01933503D00E43BFC /* GTLErrorObject.h */,
				141093D11933503D00E43BFC /* GTLErrorObject.m */,
				141093D21933503D00E43BFC /* GTLFramework.h */,
				141093D31933503D00E43BFC /* GTLFramework.m */,
				141093D41933503D00E43BFC /* GTLJSONParser.h */,
				141093D51933503D00E43BFC /* GTLJSONParser.m */,
				141093D61933503D00E43BFC /* GTLObject.h */,
				141093D71933503D00E43BFC /* GTLObject.m */,
				141093D81933503D00E43BFC /* GTLPlus */,
				141093F61933503D00E43BFC /* GTLQuery.h */,
				141093F71933503D00E43BFC /* GTLQuery.m */,
				141093F81933503D00E43BFC /* GTLRuntimeCommon.h */,
				141093F91933503D00E43BFC /* GTLRuntimeCommon.m */,
				141093FA1933503D00E43BFC /* GTLService.h */,
				141093FB1933503D00E43BFC /* GTLService.m */,
				141093FC1933503D00E43BFC /* GTLTargetNamespace.h */,
				141093FD1933503D00E43BFC /* GTLUploadParameters.h */,
				141093FE1933503D00E43BFC /* GTLUploadParameters.m */,
				141093FF1933503D00E43BFC /* GTLUtilities.h */,
				141094001933503D00E43BFC /* GTLUtilities.m */,
			);
			path = GTL;
			sourceTree = "<group>";
		};
		141093D81933503D00E43BFC /* GTLPlus */ = {
			isa = PBXGroup;
			children = (
				141093D91933503D00E43BFC /* GTLPlus.h */,
				141093DA1933503D00E43BFC /* GTLPlusAcl.h */,
				141093DB1933503D00E43BFC /* GTLPlusAcl.m */,
				141093DC1933503D00E43BFC /* GTLPlusAclentryResource.h */,
				141093DD1933503D00E43BFC /* GTLPlusAclentryResource.m */,
				141093DE1933503D00E43BFC /* GTLPlusActivity.h */,
				141093DF1933503D00E43BFC /* GTLPlusActivity.m */,
				141093E01933503D00E43BFC /* GTLPlusActivityFeed.h */,
				141093E11933503D00E43BFC /* GTLPlusActivityFeed.m */,
				141093E21933503D00E43BFC /* GTLPlusComment.h */,
				141093E31933503D00E43BFC /* GTLPlusComment.m */,
				141093E41933503D00E43BFC /* GTLPlusCommentFeed.h */,
				141093E51933503D00E43BFC /* GTLPlusCommentFeed.m */,
				141093E61933503D00E43BFC /* GTLPlusConstants.h */,
				141093E71933503D00E43BFC /* GTLPlusConstants.m */,
				141093E81933503D00E43BFC /* GTLPlusItemScope.h */,
				141093E91933503D00E43BFC /* GTLPlusItemScope.m */,
				141093EA1933503D00E43BFC /* GTLPlusMoment.h */,
				141093EB1933503D00E43BFC /* GTLPlusMoment.m */,
				141093EC1933503D00E43BFC /* GTLPlusMomentsFeed.h */,
				141093ED1933503D00E43BFC /* GTLPlusMomentsFeed.m */,
				141093EE1933503D00E43BFC /* GTLPlusPeopleFeed.h */,
				141093EF1933503D00E43BFC /* GTLPlusPeopleFeed.m */,
				141093F01933503D00E43BFC /* GTLPlusPerson.h */,
				141093F11933503D00E43BFC /* GTLPlusPerson.m */,
				141093F21933503D00E43BFC /* GTLQueryPlus.h */,
				141093F31933503D00E43BFC /* GTLQueryPlus.m */,
				141093F41933503D00E43BFC /* GTLServicePlus.h */,
				141093F51933503D00E43BFC /* GTLServicePlus.m */,
			);
			path = GTLPlus;
			sourceTree = "<group>";
		};
		1410941E1933503D00E43BFC /* lib */ = {
			isa = PBXGroup;
			children = (
				1410941F1933503D00E43BFC /* GPPDeepLink.h */,
				141094201933503D00E43BFC /* GPPShare.h */,
				141094211933503D00E43BFC /* GPPSignIn.h */,
				141094221933503D00E43BFC /* GPPSignInButton.h */,
				141094231933503D00E43BFC /* GPPURLHandler.h */,
				141094241933503D00E43BFC /* libGooglePlus.a */,
				141094251933503D00E43BFC /* libGooglePlusUniversal.a */,
			);
			name = lib;
			path = "../library/google-plus-ios-sdk-1.2.1/lib";
			sourceTree = "<group>";
		};
		15AA9C4015B7EC450033D6C2 /* Classes */ = {
			isa = PBXGroup;
			children = (
				145D32041907B8130067B357 /* AppMacros.h */,
				145D32051907B8130067B357 /* BetMethodModel.cpp */,
				145D32061907B8130067B357 /* BetMethodModel.h */,
				145D32071907B8130067B357 /* OpeningLayer.cpp */,
				145D32081907B8130067B357 /* OpeningLayer.h */,
				145D32091907B8130067B357 /* RouletteConfig.h */,
				145D320C1907B8130067B357 /* SelectScene.cpp */,
				145D320D1907B8130067B357 /* SelectScene.h */,
				145D320E1907B8130067B357 /* Text.h */,
				1AFAF8B316D35DE700DB1158 /* AppDelegate.cpp */,
				1AFAF8B416D35DE700DB1158 /* AppDelegate.h */,
				1AFAF8B516D35DE700DB1158 /* HelloWorldScene.cpp */,
				1AFAF8B616D35DE700DB1158 /* HelloWorldScene.h */,
			);
			name = Classes;
			path = ../classes;
			sourceTree = "<group>";
		};
		19C28FACFE9D520D11CA2CBB /* Products */ = {
			isa = PBXGroup;
			children = (
				1D6058910D05DD3D006BFB54 /* Casidra iOS.app */,
				5087E76F17EB910900C73F5D /* Casidra Mac.app */,
			);
			name = Products;
			sourceTree = "<group>";
		};
		1AF4C2BC17865D9500122817 /* Products */ = {
			isa = PBXGroup;
			children = (
				1AF4C2CF17865D9500122817 /* libcocos2dx Mac.a */,
				1AF4C2D117865D9500122817 /* libcocos2dx-extensions Mac.a */,
				1AF4C2D317865D9500122817 /* libchipmunk Mac.a */,
				1AF4C2D517865D9500122817 /* libbox2d Mac.a */,
				1AF4C2D717865D9500122817 /* libCocosDenshion Mac.a */,
				1AF4C2D917865D9500122817 /* libjsbindings Mac.a */,
				1AF4C2DB17865D9500122817 /* libluabindings Mac.a */,
				1AF4C2DD17865D9500122817 /* libcocos2dx iOS.a */,
				1AF4C2DF17865D9500122817 /* libcocos2dx-extensions iOS.a */,
				1AF4C2E117865D9500122817 /* libchipmunk iOS.a */,
				1AF4C2E317865D9500122817 /* libbox2d iOS.a */,
				1AF4C2E517865D9500122817 /* libCocosDenshion iOS.a */,
				1AF4C2E717865D9500122817 /* libjsbindings iOS.a */,
				1AF4C2E917865D9500122817 /* libluabindings iOS.a */,
			);
			name = Products;
			sourceTree = "<group>";
		};
		29B97314FDCFA39411CA2CEA /* CustomTemplate */ = {
			isa = PBXGroup;
			children = (
				141093C51933503D00E43BFC /* OpenSource */,
				1410941E1933503D00E43BFC /* lib */,
				1AF4C2BB17865D9500122817 /* cocos2d_libs.xcodeproj */,
				15AA9C4015B7EC450033D6C2 /* Classes */,
				29B97323FDCFA39411CA2CEA /* Frameworks */,
				080E96DDFE201D6D7F000001 /* ios */,
				503AE10617EB990700D1A890 /* mac */,
				19C28FACFE9D520D11CA2CBB /* Products */,
				78C7DDAA14EBA5050085D0C2 /* Resources */,
			);
			name = CustomTemplate;
			sourceTree = "<group>";
		};
		29B97323FDCFA39411CA2CEA /* Frameworks */ = {
			isa = PBXGroup;
			children = (
				141093C119334F1F00E43BFC /* libGooglePlusUniversal.a */,
				141093C219334F1F00E43BFC /* libGooglePlus.a */,
				141093AD193321A900E43BFC /* SystemConfiguration.framework */,
				141093A51933219C00E43BFC /* Security.framework */,
				503AE11A17EB9C5A00D1A890 /* IOKit.framework */,
				503AE11117EB99EE00D1A890 /* libcurl.dylib */,
				5087E78A17EB975400C73F5D /* OpenGL.framework */,
				5087E78817EB974C00C73F5D /* AppKit.framework */,
				1ACB3243164770DE00914215 /* libcurl.a */,
				BF170DB412928DE900B8313A /* libz.dylib */,
				D44C620F132DFF4E0009C878 /* AudioToolbox.framework */,
				D44C620D132DFF430009C878 /* AVFoundation.framework */,
				288765A40DF7441C002DB57D /* CoreGraphics.framework */,
				1D30AB110D05D00D00671497 /* Foundation.framework */,
				D44C620B132DFF330009C878 /* OpenAL.framework */,
				BF170DB012928DE900B8313A /* OpenGLES.framework */,
				BF1C47EA1293683800B63C5D /* QuartzCore.framework */,
				1DF5F4DF0D08C38300B7A737 /* UIKit.framework */,
			);
			name = Frameworks;
			sourceTree = "<group>";
		};
		503AE0F517EB97AB00D1A890 /* Icons */ = {
			isa = PBXGroup;
			children = (
				503AE0F617EB97AB00D1A890 /* Icon.icns */,
				503AE0F717EB97AB00D1A890 /* Info.plist */,
			);
			name = Icons;
			path = mac;
			sourceTree = SOURCE_ROOT;
		};
		503AE10617EB990700D1A890 /* mac */ = {
			isa = PBXGroup;
			children = (
				503AE0F517EB97AB00D1A890 /* Icons */,
				503AE10317EB98FF00D1A890 /* main.cpp */,
				503AE10417EB98FF00D1A890 /* Prefix.pch */,
			);
			name = mac;
			sourceTree = "<group>";
		};
		5087E77117EB970100C73F5D /* Icons */ = {
			isa = PBXGroup;
			children = (
				5087E77217EB970100C73F5D /* Default-568h@2x.png */,
				5087E77317EB970100C73F5D /* Default.png */,
				5087E77417EB970100C73F5D /* Default@2x.png */,
				50EF62A017ECD613001EB2F8 /* Icon-29.png */,
				50EF62A117ECD613001EB2F8 /* Icon-50.png */,
				50EF629217ECD46A001EB2F8 /* Icon-40.png */,
				50EF629317ECD46A001EB2F8 /* Icon-58.png */,
				50EF629417ECD46A001EB2F8 /* Icon-80.png */,
				50EF629517ECD46A001EB2F8 /* Icon-100.png */,
				5087E77517EB970100C73F5D /* Icon-114.png */,
				5087E77617EB970100C73F5D /* Icon-120.png */,
				5087E77717EB970100C73F5D /* Icon-144.png */,
				5087E77817EB970100C73F5D /* Icon-152.png */,
				5087E77917EB970100C73F5D /* Icon-57.png */,
				5087E77A17EB970100C73F5D /* Icon-72.png */,
				5087E77B17EB970100C73F5D /* Icon-76.png */,
				5087E77C17EB970100C73F5D /* Info.plist */,
			);
			name = Icons;
			path = ios;
			sourceTree = SOURCE_ROOT;
		};
		78C7DDAA14EBA5050085D0C2 /* Resources */ = {
			isa = PBXGroup;
			children = (
				145D32191907B8270067B357 /* ccbResources */,
				145D321A1907B8270067B357 /* fileLookup.plist */,
				145D321B1907B8270067B357 /* Footer.ccbi */,
				145D321C1907B8270067B357 /* Header.ccbi */,
				145D321D1907B8270067B357 /* InputBetScene.ccbi */,
				145D321E1907B8270067B357 /* InputResultScene.ccbi */,
				145D321F1907B8270067B357 /* MainScene.ccbi */,
				145D32201907B8270067B357 /* MainScene.js */,
				145D32211907B8270067B357 /* Opening.ccbi */,
				145D32221907B8270067B357 /* resources-iphone */,
				145D32231907B8270067B357 /* resources-iphonehd */,
				145D32241907B8270067B357 /* SelectScene.ccbi */,
				145D32251907B8270067B357 /* SelectZoneScene.ccbi */,
			);
			name = Resources;
			path = ../Resources;
			sourceTree = "<group>";
		};
/* End PBXGroup section */

/* Begin PBXNativeTarget section */
		1D6058900D05DD3D006BFB54 /* Casidra iOS */ = {
			isa = PBXNativeTarget;
			buildConfigurationList = 1D6058960D05DD3E006BFB54 /* Build configuration list for PBXNativeTarget "Casidra iOS" */;
			buildPhases = (
				1D60588D0D05DD3D006BFB54 /* Resources */,
				1D60588E0D05DD3D006BFB54 /* Sources */,
				1D60588F0D05DD3D006BFB54 /* Frameworks */,
			);
			buildRules = (
			);
			dependencies = (
				1AF4C2EB17865DB400122817 /* PBXTargetDependency */,
				1AF4C2ED17865DB400122817 /* PBXTargetDependency */,
				1AF4C2EF17865DB400122817 /* PBXTargetDependency */,
				1AF4C2F117865DB400122817 /* PBXTargetDependency */,
				1AF4C2F317865DB400122817 /* PBXTargetDependency */,
			);
			name = "Casidra iOS";
			productName = iphone;
			productReference = 1D6058910D05DD3D006BFB54 /* Casidra iOS.app */;
			productType = "com.apple.product-type.application";
		};
		5087E73D17EB910900C73F5D /* Casidra Mac */ = {
			isa = PBXNativeTarget;
			buildConfigurationList = 5087E76C17EB910900C73F5D /* Build configuration list for PBXNativeTarget "Casidra Mac" */;
			buildPhases = (
				5087E74817EB910900C73F5D /* Resources */,
				5087E75617EB910900C73F5D /* Sources */,
				5087E75C17EB910900C73F5D /* Frameworks */,
			);
			buildRules = (
			);
			dependencies = (
				503AE10817EB99BC00D1A890 /* PBXTargetDependency */,
				503AE10A17EB99BC00D1A890 /* PBXTargetDependency */,
				503AE10C17EB99BC00D1A890 /* PBXTargetDependency */,
				503AE10E17EB99BC00D1A890 /* PBXTargetDependency */,
				503AE11017EB99BC00D1A890 /* PBXTargetDependency */,
			);
			name = "Casidra Mac";
			productName = iphone;
			productReference = 5087E76F17EB910900C73F5D /* Casidra Mac.app */;
			productType = "com.apple.product-type.application";
		};
/* End PBXNativeTarget section */

/* Begin PBXProject section */
		29B97313FDCFA39411CA2CEA /* Project object */ = {
			isa = PBXProject;
			attributes = {
				LastUpgradeCheck = 0500;
				TargetAttributes = {
					1D6058900D05DD3D006BFB54 = {
						DevelopmentTeam = MDDB52YB8L;
					};
				};
			};
			buildConfigurationList = C01FCF4E08A954540054247B /* Build configuration list for PBXProject "Casidra" */;
			compatibilityVersion = "Xcode 3.2";
			developmentRegion = English;
			hasScannedForEncodings = 1;
			knownRegions = (
				English,
				Japanese,
				French,
				German,
			);
			mainGroup = 29B97314FDCFA39411CA2CEA /* CustomTemplate */;
			projectDirPath = "";
			projectReferences = (
				{
					ProductGroup = 1AF4C2BC17865D9500122817 /* Products */;
					ProjectRef = 1AF4C2BB17865D9500122817 /* cocos2d_libs.xcodeproj */;
				},
			);
			projectRoot = "";
			targets = (
				1D6058900D05DD3D006BFB54 /* Casidra iOS */,
				5087E73D17EB910900C73F5D /* Casidra Mac */,
			);
		};
/* End PBXProject section */

/* Begin PBXReferenceProxy section */
		1AF4C2CF17865D9500122817 /* libcocos2dx Mac.a */ = {
			isa = PBXReferenceProxy;
			fileType = archive.ar;
			path = "libcocos2dx Mac.a";
			remoteRef = 1AF4C2CE17865D9500122817 /* PBXContainerItemProxy */;
			sourceTree = BUILT_PRODUCTS_DIR;
		};
		1AF4C2D117865D9500122817 /* libcocos2dx-extensions Mac.a */ = {
			isa = PBXReferenceProxy;
			fileType = archive.ar;
			path = "libcocos2dx-extensions Mac.a";
			remoteRef = 1AF4C2D017865D9500122817 /* PBXContainerItemProxy */;
			sourceTree = BUILT_PRODUCTS_DIR;
		};
		1AF4C2D317865D9500122817 /* libchipmunk Mac.a */ = {
			isa = PBXReferenceProxy;
			fileType = archive.ar;
			path = "libchipmunk Mac.a";
			remoteRef = 1AF4C2D217865D9500122817 /* PBXContainerItemProxy */;
			sourceTree = BUILT_PRODUCTS_DIR;
		};
		1AF4C2D517865D9500122817 /* libbox2d Mac.a */ = {
			isa = PBXReferenceProxy;
			fileType = archive.ar;
			path = "libbox2d Mac.a";
			remoteRef = 1AF4C2D417865D9500122817 /* PBXContainerItemProxy */;
			sourceTree = BUILT_PRODUCTS_DIR;
		};
		1AF4C2D717865D9500122817 /* libCocosDenshion Mac.a */ = {
			isa = PBXReferenceProxy;
			fileType = archive.ar;
			path = "libCocosDenshion Mac.a";
			remoteRef = 1AF4C2D617865D9500122817 /* PBXContainerItemProxy */;
			sourceTree = BUILT_PRODUCTS_DIR;
		};
		1AF4C2D917865D9500122817 /* libjsbindings Mac.a */ = {
			isa = PBXReferenceProxy;
			fileType = archive.ar;
			path = "libjsbindings Mac.a";
			remoteRef = 1AF4C2D817865D9500122817 /* PBXContainerItemProxy */;
			sourceTree = BUILT_PRODUCTS_DIR;
		};
		1AF4C2DB17865D9500122817 /* libluabindings Mac.a */ = {
			isa = PBXReferenceProxy;
			fileType = archive.ar;
			path = "libluabindings Mac.a";
			remoteRef = 1AF4C2DA17865D9500122817 /* PBXContainerItemProxy */;
			sourceTree = BUILT_PRODUCTS_DIR;
		};
		1AF4C2DD17865D9500122817 /* libcocos2dx iOS.a */ = {
			isa = PBXReferenceProxy;
			fileType = archive.ar;
			path = "libcocos2dx iOS.a";
			remoteRef = 1AF4C2DC17865D9500122817 /* PBXContainerItemProxy */;
			sourceTree = BUILT_PRODUCTS_DIR;
		};
		1AF4C2DF17865D9500122817 /* libcocos2dx-extensions iOS.a */ = {
			isa = PBXReferenceProxy;
			fileType = archive.ar;
			path = "libcocos2dx-extensions iOS.a";
			remoteRef = 1AF4C2DE17865D9500122817 /* PBXContainerItemProxy */;
			sourceTree = BUILT_PRODUCTS_DIR;
		};
		1AF4C2E117865D9500122817 /* libchipmunk iOS.a */ = {
			isa = PBXReferenceProxy;
			fileType = archive.ar;
			path = "libchipmunk iOS.a";
			remoteRef = 1AF4C2E017865D9500122817 /* PBXContainerItemProxy */;
			sourceTree = BUILT_PRODUCTS_DIR;
		};
		1AF4C2E317865D9500122817 /* libbox2d iOS.a */ = {
			isa = PBXReferenceProxy;
			fileType = archive.ar;
			path = "libbox2d iOS.a";
			remoteRef = 1AF4C2E217865D9500122817 /* PBXContainerItemProxy */;
			sourceTree = BUILT_PRODUCTS_DIR;
		};
		1AF4C2E517865D9500122817 /* libCocosDenshion iOS.a */ = {
			isa = PBXReferenceProxy;
			fileType = archive.ar;
			path = "libCocosDenshion iOS.a";
			remoteRef = 1AF4C2E417865D9500122817 /* PBXContainerItemProxy */;
			sourceTree = BUILT_PRODUCTS_DIR;
		};
		1AF4C2E717865D9500122817 /* libjsbindings iOS.a */ = {
			isa = PBXReferenceProxy;
			fileType = archive.ar;
			path = "libjsbindings iOS.a";
			remoteRef = 1AF4C2E617865D9500122817 /* PBXContainerItemProxy */;
			sourceTree = BUILT_PRODUCTS_DIR;
		};
		1AF4C2E917865D9500122817 /* libluabindings iOS.a */ = {
			isa = PBXReferenceProxy;
			fileType = archive.ar;
			path = "libluabindings iOS.a";
			remoteRef = 1AF4C2E817865D9500122817 /* PBXContainerItemProxy */;
			sourceTree = BUILT_PRODUCTS_DIR;
		};
/* End PBXReferenceProxy section */

/* Begin PBXResourcesBuildPhase section */
		1D60588D0D05DD3D006BFB54 /* Resources */ = {
			isa = PBXResourcesBuildPhase;
			buildActionMask = 2147483647;
			files = (
				5087E78117EB970100C73F5D /* Icon-120.png in Resources */,
				5087E78617EB970100C73F5D /* Icon-76.png in Resources */,
				145D32321907B8270067B357 /* SelectZoneScene.ccbi in Resources */,
				5087E77F17EB970100C73F5D /* Default@2x.png in Resources */,
				50EF629917ECD46A001EB2F8 /* Icon-100.png in Resources */,
				5087E78317EB970100C73F5D /* Icon-152.png in Resources */,
				5087E77D17EB970100C73F5D /* Default-568h@2x.png in Resources */,
				148BABC3193468320073A047 /* TestViewController.xib in Resources */,
				5087E78517EB970100C73F5D /* Icon-72.png in Resources */,
				145D322C1907B8270067B357 /* MainScene.ccbi in Resources */,
				141094551933589100E43BFC /* GooglePlusSignInViewController.xib in Resources */,
				1410944C1933503E00E43BFC /* GTMOAuth2ViewTouch.xib in Resources */,
				50EF62A317ECD613001EB2F8 /* Icon-50.png in Resources */,
				145D322F1907B8270067B357 /* resources-iphone in Resources */,
				145D322B1907B8270067B357 /* InputResultScene.ccbi in Resources */,
				145D32311907B8270067B357 /* SelectScene.ccbi in Resources */,
				145D32301907B8270067B357 /* resources-iphonehd in Resources */,
				145D322A1907B8270067B357 /* InputBetScene.ccbi in Resources */,
				145D32291907B8270067B357 /* Header.ccbi in Resources */,
				5087E78017EB970100C73F5D /* Icon-114.png in Resources */,
				145D32271907B8270067B357 /* fileLookup.plist in Resources */,
				50EF62A217ECD613001EB2F8 /* Icon-29.png in Resources */,
				145D322E1907B8270067B357 /* Opening.ccbi in Resources */,
				50EF629617ECD46A001EB2F8 /* Icon-40.png in Resources */,
				5087E78217EB970100C73F5D /* Icon-144.png in Resources */,
				50EF629817ECD46A001EB2F8 /* Icon-80.png in Resources */,
				145D32281907B8270067B357 /* Footer.ccbi in Resources */,
				5087E78417EB970100C73F5D /* Icon-57.png in Resources */,
				5087E77E17EB970100C73F5D /* Default.png in Resources */,
				50EF629717ECD46A001EB2F8 /* Icon-58.png in Resources */,
				145D32261907B8270067B357 /* ccbResources in Resources */,
			);
			runOnlyForDeploymentPostprocessing = 0;
		};
		5087E74817EB910900C73F5D /* Resources */ = {
			isa = PBXResourcesBuildPhase;
			buildActionMask = 2147483647;
			files = (
				503AE0F817EB97AB00D1A890 /* Icon.icns in Resources */,
			);
			runOnlyForDeploymentPostprocessing = 0;
		};
/* End PBXResourcesBuildPhase section */

/* Begin PBXSourcesBuildPhase section */
		1D60588E0D05DD3D006BFB54 /* Sources */ = {
			isa = PBXSourcesBuildPhase;
			buildActionMask = 2147483647;
			files = (
				141094331933503D00E43BFC /* GTLPlusCommentFeed.m in Sources */,
				141094431933503E00E43BFC /* GTMHTTPFetcherService.m in Sources */,
				1410942D1933503D00E43BFC /* GTLObject.m in Sources */,
				1410943C1933503E00E43BFC /* GTLQuery.m in Sources */,
				141094451933503E00E43BFC /* GTMLogger.m in Sources */,
				141094261933503D00E43BFC /* GTLBase64.m in Sources */,
				141094461933503E00E43BFC /* GTMMethodCheck.m in Sources */,
				141094361933503D00E43BFC /* GTLPlusMoment.m in Sources */,
				1410944D1933503E00E43BFC /* GTMObjC2Runtime.m in Sources */,
				145D320F1907B8130067B357 /* BetMethodModel.cpp in Sources */,
				503AE10017EB989F00D1A890 /* AppController.mm in Sources */,
				1410942E1933503D00E43BFC /* GTLPlusAcl.m in Sources */,
				148BABC2193468320073A047 /* TestViewController.m in Sources */,
				503AE10217EB989F00D1A890 /* RootViewController.mm in Sources */,
				1410944E1933503E00E43BFC /* OpenInChromeController.m in Sources */,
				141094491933503E00E43BFC /* GTMOAuth2Authentication.m in Sources */,
				141094291933503D00E43BFC /* GTLDateTime.m in Sources */,
				141094391933503E00E43BFC /* GTLPlusPerson.m in Sources */,
				141094441933503E00E43BFC /* GTMHTTPFetchHistory.m in Sources */,
				1AFAF8B716D35DE700DB1158 /* AppDelegate.cpp in Sources */,
				1410944A1933503E00E43BFC /* GTMOAuth2SignIn.m in Sources */,
				141094541933589100E43BFC /* GooglePlusSignInViewController.m in Sources */,
				1410942F1933503D00E43BFC /* GTLPlusAclentryResource.m in Sources */,
				141094411933503E00E43BFC /* GTMHTTPFetcher.m in Sources */,
				1410943E1933503E00E43BFC /* GTLService.m in Sources */,
				141094321933503D00E43BFC /* GTLPlusComment.m in Sources */,
				503AE10117EB989F00D1A890 /* main.m in Sources */,
				1410942A1933503D00E43BFC /* GTLErrorObject.m in Sources */,
				141094341933503D00E43BFC /* GTLPlusConstants.m in Sources */,
				141094471933503E00E43BFC /* GTMNSDictionary+URLArguments.m in Sources */,
				1410942C1933503D00E43BFC /* GTLJSONParser.m in Sources */,
				1410942B1933503D00E43BFC /* GTLFramework.m in Sources */,
				141094401933503E00E43BFC /* GTLUtilities.m in Sources */,
				145D322D1907B8270067B357 /* MainScene.js in Sources */,
				141094281933503D00E43BFC /* GTLBatchResult.m in Sources */,
				145D32121907B8130067B357 /* SelectScene.cpp in Sources */,
				141094301933503D00E43BFC /* GTLPlusActivity.m in Sources */,
				141094271933503D00E43BFC /* GTLBatchQuery.m in Sources */,
				141094351933503D00E43BFC /* GTLPlusItemScope.m in Sources */,
				1410944B1933503E00E43BFC /* GTMOAuth2ViewControllerTouch.m in Sources */,
				141094481933503E00E43BFC /* GTMNSString+URLArguments.m in Sources */,
				1410943D1933503E00E43BFC /* GTLRuntimeCommon.m in Sources */,
				1410943F1933503E00E43BFC /* GTLUploadParameters.m in Sources */,
				141094371933503D00E43BFC /* GTLPlusMomentsFeed.m in Sources */,
				141094311933503D00E43BFC /* GTLPlusActivityFeed.m in Sources */,
				145D32101907B8130067B357 /* OpeningLayer.cpp in Sources */,
				141094381933503E00E43BFC /* GTLPlusPeopleFeed.m in Sources */,
				1410943A1933503E00E43BFC /* GTLQueryPlus.m in Sources */,
				1AFAF8B816D35DE700DB1158 /* HelloWorldScene.cpp in Sources */,
				141094421933503E00E43BFC /* GTMHTTPFetcherLogging.m in Sources */,
				1410943B1933503E00E43BFC /* GTLServicePlus.m in Sources */,
			);
			runOnlyForDeploymentPostprocessing = 0;
		};
		5087E75617EB910900C73F5D /* Sources */ = {
			isa = PBXSourcesBuildPhase;
			buildActionMask = 2147483647;
			files = (
				5087E75717EB910900C73F5D /* AppDelegate.cpp in Sources */,
				5087E75817EB910900C73F5D /* HelloWorldScene.cpp in Sources */,
				503AE10517EB98FF00D1A890 /* main.cpp in Sources */,
			);
			runOnlyForDeploymentPostprocessing = 0;
		};
/* End PBXSourcesBuildPhase section */

/* Begin PBXTargetDependency section */
		1AF4C2EB17865DB400122817 /* PBXTargetDependency */ = {
			isa = PBXTargetDependency;
			name = "cocos2dx iOS";
			targetProxy = 1AF4C2EA17865DB400122817 /* PBXContainerItemProxy */;
		};
		1AF4C2ED17865DB400122817 /* PBXTargetDependency */ = {
			isa = PBXTargetDependency;
			name = "cocos2dx-extensions iOS";
			targetProxy = 1AF4C2EC17865DB400122817 /* PBXContainerItemProxy */;
		};
		1AF4C2EF17865DB400122817 /* PBXTargetDependency */ = {
			isa = PBXTargetDependency;
			name = "chipmunk iOS";
			targetProxy = 1AF4C2EE17865DB400122817 /* PBXContainerItemProxy */;
		};
		1AF4C2F117865DB400122817 /* PBXTargetDependency */ = {
			isa = PBXTargetDependency;
			name = "box2d iOS";
			targetProxy = 1AF4C2F017865DB400122817 /* PBXContainerItemProxy */;
		};
		1AF4C2F317865DB400122817 /* PBXTargetDependency */ = {
			isa = PBXTargetDependency;
			name = "CocosDenshion iOS";
			targetProxy = 1AF4C2F217865DB400122817 /* PBXContainerItemProxy */;
		};
		503AE10817EB99BC00D1A890 /* PBXTargetDependency */ = {
			isa = PBXTargetDependency;
			name = "cocos2dx Mac";
			targetProxy = 503AE10717EB99BC00D1A890 /* PBXContainerItemProxy */;
		};
		503AE10A17EB99BC00D1A890 /* PBXTargetDependency */ = {
			isa = PBXTargetDependency;
			name = "cocos2dx-extensions Mac";
			targetProxy = 503AE10917EB99BC00D1A890 /* PBXContainerItemProxy */;
		};
		503AE10C17EB99BC00D1A890 /* PBXTargetDependency */ = {
			isa = PBXTargetDependency;
			name = "chipmunk Mac";
			targetProxy = 503AE10B17EB99BC00D1A890 /* PBXContainerItemProxy */;
		};
		503AE10E17EB99BC00D1A890 /* PBXTargetDependency */ = {
			isa = PBXTargetDependency;
			name = "box2d Mac";
			targetProxy = 503AE10D17EB99BC00D1A890 /* PBXContainerItemProxy */;
		};
		503AE11017EB99BC00D1A890 /* PBXTargetDependency */ = {
			isa = PBXTargetDependency;
			name = "CocosDenshion Mac";
			targetProxy = 503AE10F17EB99BC00D1A890 /* PBXContainerItemProxy */;
		};
/* End PBXTargetDependency section */

/* Begin XCBuildConfiguration section */
		1D6058940D05DD3E006BFB54 /* Debug */ = {
			isa = XCBuildConfiguration;
			buildSettings = {
				ALWAYS_SEARCH_USER_PATHS = NO;
				CODE_SIGN_IDENTITY = "iPhone Developer";
				COMPRESS_PNG_FILES = NO;
				GCC_DYNAMIC_NO_PIC = NO;
				GCC_INLINES_ARE_PRIVATE_EXTERN = NO;
				GCC_PRECOMPILE_PREFIX_HEADER = YES;
				GCC_PREFIX_HEADER = ios/Prefix.pch;
				GCC_PREPROCESSOR_DEFINITIONS = (
					USE_FILE32API,
					CC_TARGET_OS_IPHONE,
					"COCOS2D_DEBUG=1",
					"CC_ENABLE_CHIPMUNK_INTEGRATION=1",
				);
				GCC_SYMBOLS_PRIVATE_EXTERN = NO;
				HEADER_SEARCH_PATHS = (
					"$(SRCROOT)/../../../CocosDenshion/include",
					"\"$(SRCROOT)/../../../external/chipmunk/include/constraints\"",
					"\"$(SRCROOT)/../../../external/chipmunk/include/chipmunk\"",
					"\"$(SRCROOT)/../../../extensions\"",
					"\"$(SRCROOT)/../../../cocos2dx/kazmath/include\"",
					"\"$(SRCROOT)/../../../external\"",
					"\"$(SRCROOT)/../../../cocos2dx\"",
					"\"$(SRCROOT)/../../../cocos2dx/include\"",
					"\"$(SRCROOT)/../../../cocos2dx/platform/third_party/ios\"",
					"\"$(SRCROOT)/../../../cocos2dx/platform/ios\"",
					"\"$(SRCROOT)/../../../cocos2dx/platform/ios/Simulation\"",
					"\"$(SRCROOT)/../library/google-plus-ios-sdk-1.2.1/OpenSource\"",
					"\"$(SRCROOT)/../library/google-plus-ios-sdk-1.2.1/lib\"",
				);
				INFOPLIST_FILE = ios/Info.plist;
				IPHONEOS_DEPLOYMENT_TARGET = 5.0;
				LIBRARY_SEARCH_PATHS = (
					"\"$(SRCROOT)/../../../cocos2dx/platform/third_party/ios/libraries\"",
					"\"$(SRCROOT)/../../../external/libwebsockets/ios/lib\"",
					"\"$(SRCROOT)/../library/google-plus-ios-sdk-1.2.1/lib\"",
				);
				OTHER_LDFLAGS = "-ObjC";
				PRODUCT_NAME = "Casidra iOS";
				SDKROOT = iphoneos;
				TARGETED_DEVICE_FAMILY = "1,2";
				USER_HEADER_SEARCH_PATHS = "";
			};
			name = Debug;
		};
		1D6058950D05DD3E006BFB54 /* Release */ = {
			isa = XCBuildConfiguration;
			buildSettings = {
				ALWAYS_SEARCH_USER_PATHS = NO;
				CODE_SIGN_IDENTITY = "iPhone Developer";
				COMPRESS_PNG_FILES = NO;
				GCC_INLINES_ARE_PRIVATE_EXTERN = NO;
				GCC_PRECOMPILE_PREFIX_HEADER = YES;
				GCC_PREFIX_HEADER = ios/Prefix.pch;
				GCC_PREPROCESSOR_DEFINITIONS = (
					USE_FILE32API,
					CC_TARGET_OS_IPHONE,
					"CC_ENABLE_CHIPMUNK_INTEGRATION=1",
				);
				GCC_SYMBOLS_PRIVATE_EXTERN = NO;
				HEADER_SEARCH_PATHS = (
					"$(SRCROOT)/../../../CocosDenshion/include",
					"\"$(SRCROOT)/../../../external/chipmunk/include/constraints\"",
					"\"$(SRCROOT)/../../../external/chipmunk/include/chipmunk\"",
					"\"$(SRCROOT)/../../../extensions\"",
					"\"$(SRCROOT)/../../../cocos2dx/kazmath/include\"",
					"\"$(SRCROOT)/../../../external\"",
					"\"$(SRCROOT)/../../../cocos2dx\"",
					"\"$(SRCROOT)/../../../cocos2dx/include\"",
					"\"$(SRCROOT)/../../../cocos2dx/platform/third_party/ios\"",
					"\"$(SRCROOT)/../../../cocos2dx/platform/ios\"",
					"\"$(SRCROOT)/../../../cocos2dx/platform/ios/Simulation\"",
					"\"$(SRCROOT)/../library/google-plus-ios-sdk-1.2.1/OpenSource\"",
					"\"$(SRCROOT)/../library/google-plus-ios-sdk-1.2.1/lib\"",
				);
				INFOPLIST_FILE = ios/Info.plist;
				IPHONEOS_DEPLOYMENT_TARGET = 5.0;
				LIBRARY_SEARCH_PATHS = (
					"\"$(SRCROOT)/../../../cocos2dx/platform/third_party/ios/libraries\"",
					"\"$(SRCROOT)/../../../external/libwebsockets/ios/lib\"",
					"\"$(SRCROOT)/../library/google-plus-ios-sdk-1.2.1/lib\"",
				);
				OTHER_LDFLAGS = "-ObjC";
				PRODUCT_NAME = "Casidra iOS";
				SDKROOT = iphoneos;
				TARGETED_DEVICE_FAMILY = "1,2";
				USER_HEADER_SEARCH_PATHS = "";
			};
			name = Release;
		};
		5087E76D17EB910900C73F5D /* Debug */ = {
			isa = XCBuildConfiguration;
			buildSettings = {
				ALWAYS_SEARCH_USER_PATHS = NO;
				ARCHS = "$(ARCHS_STANDARD_64_BIT)";
				CLANG_CXX_LANGUAGE_STANDARD = "c++0x";
				CLANG_CXX_LIBRARY = "libc++";
				GCC_DYNAMIC_NO_PIC = NO;
				GCC_INLINES_ARE_PRIVATE_EXTERN = NO;
				GCC_PRECOMPILE_PREFIX_HEADER = YES;
				GCC_PREFIX_HEADER = mac/Prefix.pch;
				GCC_PREPROCESSOR_DEFINITIONS = (
					USE_FILE32API,
					CC_TARGET_OS_MAC,
					"COCOS2D_DEBUG=1",
					"CC_ENABLE_CHIPMUNK_INTEGRATION=1",
				);
				GCC_SYMBOLS_PRIVATE_EXTERN = NO;
				HEADER_SEARCH_PATHS = (
					"$(SRCROOT)/../../../CocosDenshion/include",
					"\"$(SRCROOT)/../../../external/chipmunk/include/constraints\"",
					"\"$(SRCROOT)/../../../external/chipmunk/include/chipmunk\"",
					"\"$(SRCROOT)/../../../extensions\"",
					"\"$(SRCROOT)/../../../cocos2dx/kazmath/include\"",
					"\"$(SRCROOT)/../../../external\"",
					"\"$(SRCROOT)/../../../cocos2dx\"",
					"\"$(SRCROOT)/../../../cocos2dx/include\"",
					"\"$(SRCROOT)/../../../cocos2dx/platform/third_party/mac\"",
					"\"$(SRCROOT)/../../../cocos2dx/platform/mac\"",
				);
				INFOPLIST_FILE = mac/Info.plist;
				LIBRARY_SEARCH_PATHS = (
					"\"$(SRCROOT)/../../../cocos2dx/platform/third_party/mac/libraries\"",
					"\"$(SRCROOT)/../../../external/libwebsockets/mac/lib\"",
				);
				PRODUCT_NAME = "Casidra Mac";
				USER_HEADER_SEARCH_PATHS = "";
			};
			name = Debug;
		};
		5087E76E17EB910900C73F5D /* Release */ = {
			isa = XCBuildConfiguration;
			buildSettings = {
				ALWAYS_SEARCH_USER_PATHS = NO;
				ARCHS = "$(ARCHS_STANDARD_64_BIT)";
				CLANG_CXX_LANGUAGE_STANDARD = "c++0x";
				CLANG_CXX_LIBRARY = "libc++";
				GCC_INLINES_ARE_PRIVATE_EXTERN = NO;
				GCC_PRECOMPILE_PREFIX_HEADER = YES;
				GCC_PREFIX_HEADER = mac/Prefix.pch;
				GCC_PREPROCESSOR_DEFINITIONS = (
					USE_FILE32API,
					CC_TARGET_OS_MAC,
					"CC_ENABLE_CHIPMUNK_INTEGRATION=1",
				);
				GCC_SYMBOLS_PRIVATE_EXTERN = NO;
				HEADER_SEARCH_PATHS = (
					"$(SRCROOT)/../../../CocosDenshion/include",
					"\"$(SRCROOT)/../../../external/chipmunk/include/constraints\"",
					"\"$(SRCROOT)/../../../external/chipmunk/include/chipmunk\"",
					"\"$(SRCROOT)/../../../extensions\"",
					"\"$(SRCROOT)/../../../cocos2dx/kazmath/include\"",
					"\"$(SRCROOT)/../../../external\"",
					"\"$(SRCROOT)/../../../cocos2dx\"",
					"\"$(SRCROOT)/../../../cocos2dx/include\"",
					"\"$(SRCROOT)/../../../cocos2dx/platform/third_party/mac\"",
					"\"$(SRCROOT)/../../../cocos2dx/platform/mac\"",
				);
				INFOPLIST_FILE = mac/Info.plist;
				LIBRARY_SEARCH_PATHS = (
					"\"$(SRCROOT)/../../../cocos2dx/platform/third_party/mac/libraries\"",
					"\"$(SRCROOT)/../../../external/libwebsockets/mac/lib\"",
				);
				PRODUCT_NAME = "Casidra Mac";
				USER_HEADER_SEARCH_PATHS = "";
			};
			name = Release;
		};
		C01FCF4F08A954540054247B /* Debug */ = {
			isa = XCBuildConfiguration;
			buildSettings = {
				CLANG_CXX_LANGUAGE_STANDARD = "c++0x";
				CLANG_CXX_LIBRARY = "libc++";
				COPY_PHASE_STRIP = NO;
				GCC_OPTIMIZATION_LEVEL = 0;
				GCC_WARN_ABOUT_RETURN_TYPE = YES;
				GCC_WARN_UNUSED_VARIABLE = YES;
				ONLY_ACTIVE_ARCH = YES;
				PRODUCT_NAME = "$(TARGET_NAME)";
				SDKROOT = macosx;
			};
			name = Debug;
		};
		C01FCF5008A954540054247B /* Release */ = {
			isa = XCBuildConfiguration;
			buildSettings = {
				CLANG_CXX_LANGUAGE_STANDARD = "c++0x";
				CLANG_CXX_LIBRARY = "libc++";
				GCC_WARN_ABOUT_RETURN_TYPE = YES;
				GCC_WARN_UNUSED_VARIABLE = YES;
				OTHER_CFLAGS = "-DNS_BLOCK_ASSERTIONS=1";
				PRODUCT_NAME = "$(TARGET_NAME)";
				SDKROOT = macosx;
				VALIDATE_PRODUCT = YES;
			};
			name = Release;
		};
/* End XCBuildConfiguration section */

/* Begin XCConfigurationList section */
		1D6058960D05DD3E006BFB54 /* Build configuration list for PBXNativeTarget "Casidra iOS" */ = {
			isa = XCConfigurationList;
			buildConfigurations = (
				1D6058940D05DD3E006BFB54 /* Debug */,
				1D6058950D05DD3E006BFB54 /* Release */,
			);
			defaultConfigurationIsVisible = 0;
			defaultConfigurationName = Debug;
		};
		5087E76C17EB910900C73F5D /* Build configuration list for PBXNativeTarget "Casidra Mac" */ = {
			isa = XCConfigurationList;
			buildConfigurations = (
				5087E76D17EB910900C73F5D /* Debug */,
				5087E76E17EB910900C73F5D /* Release */,
			);
			defaultConfigurationIsVisible = 0;
			defaultConfigurationName = Debug;
		};
		C01FCF4E08A954540054247B /* Build configuration list for PBXProject "Casidra" */ = {
			isa = XCConfigurationList;
			buildConfigurations = (
				C01FCF4F08A954540054247B /* Debug */,
				C01FCF5008A954540054247B /* Release */,
			);
			defaultConfigurationIsVisible = 0;
			defaultConfigurationName = Debug;
		};
/* End XCConfigurationList section */
	};
	rootObject = 29B97313FDCFA39411CA2CEA /* Project object */;
}
